{
  "version": 4,
  "terraform_version": "1.14.4",
  "serial": 15,
  "lineage": "b0de7b46-ca50-8659-79cc-34b8c0b161d4",
  "outputs": {
    "cluster_id": {
      "value": "0436357b-2727-4182-a344-a750ec30744d,eu01,ryancluster",
      "type": "string"
    },
    "cluster_name": {
      "value": "ryancluster",
      "type": "string"
    }
  },
  "resources": [
    {
      "mode": "managed",
      "type": "helm_release",
      "name": "redis_operator",
      "provider": "provider[\"registry.terraform.io/hashicorp/helm\"]",
      "instances": [
        {
          "schema_version": 2,
          "attributes": {
            "atomic": false,
            "chart": "redis-operator",
            "cleanup_on_fail": false,
            "create_namespace": true,
            "dependency_update": false,
            "description": null,
            "devel": null,
            "disable_crd_hooks": false,
            "disable_openapi_validation": false,
            "disable_webhooks": false,
            "force_update": false,
            "id": "redis-operator",
            "keyring": null,
            "lint": false,
            "manifest": null,
            "max_history": 0,
            "metadata": {
              "app_version": "1.2.4",
              "chart": "redis-operator",
              "first_deployed": 1770290190,
              "last_deployed": 1770290190,
              "name": "redis-operator",
              "namespace": "operators",
              "notes": "",
              "revision": 1,
              "values": "{}",
              "version": "3.2.9"
            },
            "name": "redis-operator",
            "namespace": "operators",
            "pass_credentials": false,
            "postrender": null,
            "recreate_pods": false,
            "render_subchart_notes": true,
            "replace": false,
            "repository": "https://spotahome.github.io/redis-operator",
            "repository_ca_file": null,
            "repository_cert_file": null,
            "repository_key_file": null,
            "repository_password": null,
            "repository_username": null,
            "reset_values": false,
            "resources": null,
            "reuse_values": false,
            "set": null,
            "set_list": null,
            "set_sensitive": null,
            "set_wo": null,
            "set_wo_revision": null,
            "skip_crds": false,
            "status": "deployed",
            "take_ownership": false,
            "timeout": 300,
            "timeouts": null,
            "upgrade_install": false,
            "values": null,
            "verify": false,
            "version": "3.2.9",
            "wait": true,
            "wait_for_jobs": false
          },
          "sensitive_attributes": [
            [
              {
                "type": "get_attr",
                "value": "repository_password"
              }
            ]
          ],
          "identity_schema_version": 0,
          "identity": {
            "namespace": "operators",
            "release_name": "redis-operator"
          },
          "dependencies": [
            "local_file.kubeconfig",
            "stackit_ske_cluster.main",
            "stackit_ske_kubeconfig.current"
          ]
        }
      ]
    },
    {
      "mode": "managed",
      "type": "kubernetes_manifest",
      "name": "redis_cluster",
      "provider": "provider[\"registry.terraform.io/hashicorp/kubernetes\"]",
      "instances": [
        {
          "schema_version": 1,
          "attributes": {
            "computed_fields": null,
            "field_manager": [],
            "manifest": {
              "value": {
                "apiVersion": "databases.spotahome.com/v1",
                "kind": "RedisFailover",
                "metadata": {
                  "name": "my-redis",
                  "namespace": "default"
                },
                "spec": {
                  "redis": {
                    "replicas": 3
                  },
                  "sentinel": {
                    "replicas": 3
                  }
                }
              },
              "type": [
                "object",
                {
                  "apiVersion": "string",
                  "kind": "string",
                  "metadata": [
                    "object",
                    {
                      "name": "string",
                      "namespace": "string"
                    }
                  ],
                  "spec": [
                    "object",
                    {
                      "redis": [
                        "object",
                        {
                          "replicas": "number"
                        }
                      ],
                      "sentinel": [
                        "object",
                        {
                          "replicas": "number"
                        }
                      ]
                    }
                  ]
                }
              ]
            },
            "object": {
              "value": {
                "apiVersion": "databases.spotahome.com/v1",
                "kind": "RedisFailover",
                "metadata": {
                  "annotations": null,
                  "creationTimestamp": null,
                  "deletionGracePeriodSeconds": null,
                  "deletionTimestamp": null,
                  "finalizers": null,
                  "generateName": null,
                  "generation": null,
                  "labels": null,
                  "managedFields": null,
                  "name": "my-redis",
                  "namespace": "default",
                  "ownerReferences": null,
                  "resourceVersion": null,
                  "selfLink": null,
                  "uid": null
                },
                "spec": {
                  "auth": {
                    "secretPath": null
                  },
                  "bootstrapNode": {
                    "allowSentinels": null,
                    "host": null,
                    "port": null
                  },
                  "labelWhitelist": null,
                  "redis": {
                    "affinity": {
                      "nodeAffinity": {
                        "preferredDuringSchedulingIgnoredDuringExecution": null,
                        "requiredDuringSchedulingIgnoredDuringExecution": {
                          "nodeSelectorTerms": null
                        }
                      },
                      "podAffinity": {
                        "preferredDuringSchedulingIgnoredDuringExecution": null,
                        "requiredDuringSchedulingIgnoredDuringExecution": null
                      },
                      "podAntiAffinity": {
                        "preferredDuringSchedulingIgnoredDuringExecution": null,
                        "requiredDuringSchedulingIgnoredDuringExecution": null
                      }
                    },
                    "command": null,
                    "containerSecurityContext": {
                      "allowPrivilegeEscalation": null,
                      "capabilities": {
                        "add": null,
                        "drop": null
                      },
                      "privileged": null,
                      "procMount": null,
                      "readOnlyRootFilesystem": null,
                      "runAsGroup": null,
                      "runAsNonRoot": null,
                      "runAsUser": null,
                      "seLinuxOptions": {
                        "level": null,
                        "role": null,
                        "type": null,
                        "user": null
                      },
                      "seccompProfile": {
                        "localhostProfile": null,
                        "type": null
                      },
                      "windowsOptions": {
                        "gmsaCredentialSpec": null,
                        "gmsaCredentialSpecName": null,
                        "hostProcess": null,
                        "runAsUserName": null
                      }
                    },
                    "customCommandRenames": null,
                    "customConfig": null,
                    "dnsPolicy": null,
                    "exporter": {
                      "args": null,
                      "containerSecurityContext": {
                        "allowPrivilegeEscalation": null,
                        "capabilities": {
                          "add": null,
                          "drop": null
                        },
                        "privileged": null,
                        "procMount": null,
                        "readOnlyRootFilesystem": null,
                        "runAsGroup": null,
                        "runAsNonRoot": null,
                        "runAsUser": null,
                        "seLinuxOptions": {
                          "level": null,
                          "role": null,
                          "type": null,
                          "user": null
                        },
                        "seccompProfile": {
                          "localhostProfile": null,
                          "type": null
                        },
                        "windowsOptions": {
                          "gmsaCredentialSpec": null,
                          "gmsaCredentialSpecName": null,
                          "hostProcess": null,
                          "runAsUserName": null
                        }
                      },
                      "enabled": null,
                      "env": null,
                      "image": null,
                      "imagePullPolicy": null,
                      "resources": {
                        "limits": null,
                        "requests": null
                      }
                    },
                    "extraContainers": null,
                    "extraVolumeMounts": null,
                    "extraVolumes": null,
                    "hostNetwork": null,
                    "image": null,
                    "imagePullPolicy": null,
                    "imagePullSecrets": null,
                    "initContainers": null,
                    "nodeSelector": null,
                    "podAnnotations": null,
                    "port": null,
                    "priorityClassName": null,
                    "replicas": 3,
                    "resources": {
                      "limits": null,
                      "requests": null
                    },
                    "securityContext": {
                      "fsGroup": null,
                      "fsGroupChangePolicy": null,
                      "runAsGroup": null,
                      "runAsNonRoot": null,
                      "runAsUser": null,
                      "seLinuxOptions": {
                        "level": null,
                        "role": null,
                        "type": null,
                        "user": null
                      },
                      "seccompProfile": {
                        "localhostProfile": null,
                        "type": null
                      },
                      "supplementalGroups": null,
                      "sysctls": null,
                      "windowsOptions": {
                        "gmsaCredentialSpec": null,
                        "gmsaCredentialSpecName": null,
                        "hostProcess": null,
                        "runAsUserName": null
                      }
                    },
                    "serviceAccountName": null,
                    "serviceAnnotations": null,
                    "shutdownConfigMap": null,
                    "storage": {
                      "emptyDir": {
                        "medium": null,
                        "sizeLimit": null
                      },
                      "keepAfterDeletion": null,
                      "persistentVolumeClaim": {
                        "apiVersion": null,
                        "kind": null,
                        "metadata": {
                          "annotations": null,
                          "labels": null,
                          "name": null
                        },
                        "spec": {
                          "accessModes": null,
                          "dataSource": {
                            "apiGroup": null,
                            "kind": null,
                            "name": null
                          },
                          "dataSourceRef": {
                            "apiGroup": null,
                            "kind": null,
                            "name": null
                          },
                          "resources": {
                            "limits": null,
                            "requests": null
                          },
                          "selector": {
                            "matchExpressions": null,
                            "matchLabels": null
                          },
                          "storageClassName": null,
                          "volumeMode": null,
                          "volumeName": null
                        },
                        "status": {
                          "accessModes": null,
                          "allocatedResources": null,
                          "capacity": null,
                          "conditions": null,
                          "phase": null,
                          "resizeStatus": null
                        }
                      }
                    },
                    "terminationGracePeriod": null,
                    "tolerations": null,
                    "topologySpreadConstraints": null
                  },
                  "sentinel": {
                    "affinity": {
                      "nodeAffinity": {
                        "preferredDuringSchedulingIgnoredDuringExecution": null,
                        "requiredDuringSchedulingIgnoredDuringExecution": {
                          "nodeSelectorTerms": null
                        }
                      },
                      "podAffinity": {
                        "preferredDuringSchedulingIgnoredDuringExecution": null,
                        "requiredDuringSchedulingIgnoredDuringExecution": null
                      },
                      "podAntiAffinity": {
                        "preferredDuringSchedulingIgnoredDuringExecution": null,
                        "requiredDuringSchedulingIgnoredDuringExecution": null
                      }
                    },
                    "command": null,
                    "configCopy": {
                      "containerSecurityContext": {
                        "allowPrivilegeEscalation": null,
                        "capabilities": {
                          "add": null,
                          "drop": null
                        },
                        "privileged": null,
                        "procMount": null,
                        "readOnlyRootFilesystem": null,
                        "runAsGroup": null,
                        "runAsNonRoot": null,
                        "runAsUser": null,
                        "seLinuxOptions": {
                          "level": null,
                          "role": null,
                          "type": null,
                          "user": null
                        },
                        "seccompProfile": {
                          "localhostProfile": null,
                          "type": null
                        },
                        "windowsOptions": {
                          "gmsaCredentialSpec": null,
                          "gmsaCredentialSpecName": null,
                          "hostProcess": null,
                          "runAsUserName": null
                        }
                      }
                    },
                    "containerSecurityContext": {
                      "allowPrivilegeEscalation": null,
                      "capabilities": {
                        "add": null,
                        "drop": null
                      },
                      "privileged": null,
                      "procMount": null,
                      "readOnlyRootFilesystem": null,
                      "runAsGroup": null,
                      "runAsNonRoot": null,
                      "runAsUser": null,
                      "seLinuxOptions": {
                        "level": null,
                        "role": null,
                        "type": null,
                        "user": null
                      },
                      "seccompProfile": {
                        "localhostProfile": null,
                        "type": null
                      },
                      "windowsOptions": {
                        "gmsaCredentialSpec": null,
                        "gmsaCredentialSpecName": null,
                        "hostProcess": null,
                        "runAsUserName": null
                      }
                    },
                    "customConfig": null,
                    "dnsPolicy": null,
                    "exporter": {
                      "args": null,
                      "containerSecurityContext": {
                        "allowPrivilegeEscalation": null,
                        "capabilities": {
                          "add": null,
                          "drop": null
                        },
                        "privileged": null,
                        "procMount": null,
                        "readOnlyRootFilesystem": null,
                        "runAsGroup": null,
                        "runAsNonRoot": null,
                        "runAsUser": null,
                        "seLinuxOptions": {
                          "level": null,
                          "role": null,
                          "type": null,
                          "user": null
                        },
                        "seccompProfile": {
                          "localhostProfile": null,
                          "type": null
                        },
                        "windowsOptions": {
                          "gmsaCredentialSpec": null,
                          "gmsaCredentialSpecName": null,
                          "hostProcess": null,
                          "runAsUserName": null
                        }
                      },
                      "enabled": null,
                      "env": null,
                      "image": null,
                      "imagePullPolicy": null,
                      "resources": {
                        "limits": null,
                        "requests": null
                      }
                    },
                    "extraContainers": null,
                    "extraVolumeMounts": null,
                    "extraVolumes": null,
                    "hostNetwork": null,
                    "image": null,
                    "imagePullPolicy": null,
                    "imagePullSecrets": null,
                    "initContainers": null,
                    "nodeSelector": null,
                    "podAnnotations": null,
                    "priorityClassName": null,
                    "replicas": 3,
                    "resources": {
                      "limits": null,
                      "requests": null
                    },
                    "securityContext": {
                      "fsGroup": null,
                      "fsGroupChangePolicy": null,
                      "runAsGroup": null,
                      "runAsNonRoot": null,
                      "runAsUser": null,
                      "seLinuxOptions": {
                        "level": null,
                        "role": null,
                        "type": null,
                        "user": null
                      },
                      "seccompProfile": {
                        "localhostProfile": null,
                        "type": null
                      },
                      "supplementalGroups": null,
                      "sysctls": null,
                      "windowsOptions": {
                        "gmsaCredentialSpec": null,
                        "gmsaCredentialSpecName": null,
                        "hostProcess": null,
                        "runAsUserName": null
                      }
                    },
                    "serviceAccountName": null,
                    "serviceAnnotations": null,
                    "tolerations": null,
                    "topologySpreadConstraints": null
                  }
                }
              },
              "type": [
                "object",
                {
                  "apiVersion": "string",
                  "kind": "string",
                  "metadata": [
                    "object",
                    {
                      "annotations": [
                        "map",
                        "string"
                      ],
                      "creationTimestamp": "string",
                      "deletionGracePeriodSeconds": "number",
                      "deletionTimestamp": "string",
                      "finalizers": [
                        "list",
                        "string"
                      ],
                      "generateName": "string",
                      "generation": "number",
                      "labels": [
                        "map",
                        "string"
                      ],
                      "managedFields": [
                        "tuple",
                        [
                          [
                            "object",
                            {
                              "apiVersion": "string",
                              "fieldsType": "string",
                              "fieldsV1": "dynamic",
                              "manager": "string",
                              "operation": "string",
                              "subresource": "string",
                              "time": "string"
                            }
                          ]
                        ]
                      ],
                      "name": "string",
                      "namespace": "string",
                      "ownerReferences": [
                        "list",
                        [
                          "object",
                          {
                            "apiVersion": "string",
                            "blockOwnerDeletion": "bool",
                            "controller": "bool",
                            "kind": "string",
                            "name": "string",
                            "uid": "string"
                          }
                        ]
                      ],
                      "resourceVersion": "string",
                      "selfLink": "string",
                      "uid": "string"
                    }
                  ],
                  "spec": [
                    "object",
                    {
                      "auth": [
                        "object",
                        {
                          "secretPath": "string"
                        }
                      ],
                      "bootstrapNode": [
                        "object",
                        {
                          "allowSentinels": "bool",
                          "host": "string",
                          "port": "string"
                        }
                      ],
                      "labelWhitelist": [
                        "list",
                        "string"
                      ],
                      "redis": [
                        "object",
                        {
                          "affinity": [
                            "object",
                            {
                              "nodeAffinity": [
                                "object",
                                {
                                  "preferredDuringSchedulingIgnoredDuringExecution": [
                                    "list",
                                    [
                                      "object",
                                      {
                                        "preference": [
                                          "object",
                                          {
                                            "matchExpressions": [
                                              "list",
                                              [
                                                "object",
                                                {
                                                  "key": "string",
                                                  "operator": "string",
                                                  "values": [
                                                    "list",
                                                    "string"
                                                  ]
                                                }
                                              ]
                                            ],
                                            "matchFields": [
                                              "list",
                                              [
                                                "object",
                                                {
                                                  "key": "string",
                                                  "operator": "string",
                                                  "values": [
                                                    "list",
                                                    "string"
                                                  ]
                                                }
                                              ]
                                            ]
                                          }
                                        ],
                                        "weight": "number"
                                      }
                                    ]
                                  ],
                                  "requiredDuringSchedulingIgnoredDuringExecution": [
                                    "object",
                                    {
                                      "nodeSelectorTerms": [
                                        "list",
                                        [
                                          "object",
                                          {
                                            "matchExpressions": [
                                              "list",
                                              [
                                                "object",
                                                {
                                                  "key": "string",
                                                  "operator": "string",
                                                  "values": [
                                                    "list",
                                                    "string"
                                                  ]
                                                }
                                              ]
                                            ],
                                            "matchFields": [
                                              "list",
                                              [
                                                "object",
                                                {
                                                  "key": "string",
                                                  "operator": "string",
                                                  "values": [
                                                    "list",
                                                    "string"
                                                  ]
                                                }
                                              ]
                                            ]
                                          }
                                        ]
                                      ]
                                    }
                                  ]
                                }
                              ],
                              "podAffinity": [
                                "object",
                                {
                                  "preferredDuringSchedulingIgnoredDuringExecution": [
                                    "list",
                                    [
                                      "object",
                                      {
                                        "podAffinityTerm": [
                                          "object",
                                          {
                                            "labelSelector": [
                                              "object",
                                              {
                                                "matchExpressions": [
                                                  "list",
                                                  [
                                                    "object",
                                                    {
                                                      "key": "string",
                                                      "operator": "string",
                                                      "values": [
                                                        "list",
                                                        "string"
                                                      ]
                                                    }
                                                  ]
                                                ],
                                                "matchLabels": [
                                                  "map",
                                                  "string"
                                                ]
                                              }
                                            ],
                                            "namespaceSelector": [
                                              "object",
                                              {
                                                "matchExpressions": [
                                                  "list",
                                                  [
                                                    "object",
                                                    {
                                                      "key": "string",
                                                      "operator": "string",
                                                      "values": [
                                                        "list",
                                                        "string"
                                                      ]
                                                    }
                                                  ]
                                                ],
                                                "matchLabels": [
                                                  "map",
                                                  "string"
                                                ]
                                              }
                                            ],
                                            "namespaces": [
                                              "list",
                                              "string"
                                            ],
                                            "topologyKey": "string"
                                          }
                                        ],
                                        "weight": "number"
                                      }
                                    ]
                                  ],
                                  "requiredDuringSchedulingIgnoredDuringExecution": [
                                    "list",
                                    [
                                      "object",
                                      {
                                        "labelSelector": [
                                          "object",
                                          {
                                            "matchExpressions": [
                                              "list",
                                              [
                                                "object",
                                                {
                                                  "key": "string",
                                                  "operator": "string",
                                                  "values": [
                                                    "list",
                                                    "string"
                                                  ]
                                                }
                                              ]
                                            ],
                                            "matchLabels": [
                                              "map",
                                              "string"
                                            ]
                                          }
                                        ],
                                        "namespaceSelector": [
                                          "object",
                                          {
                                            "matchExpressions": [
                                              "list",
                                              [
                                                "object",
                                                {
                                                  "key": "string",
                                                  "operator": "string",
                                                  "values": [
                                                    "list",
                                                    "string"
                                                  ]
                                                }
                                              ]
                                            ],
                                            "matchLabels": [
                                              "map",
                                              "string"
                                            ]
                                          }
                                        ],
                                        "namespaces": [
                                          "list",
                                          "string"
                                        ],
                                        "topologyKey": "string"
                                      }
                                    ]
                                  ]
                                }
                              ],
                              "podAntiAffinity": [
                                "object",
                                {
                                  "preferredDuringSchedulingIgnoredDuringExecution": [
                                    "list",
                                    [
                                      "object",
                                      {
                                        "podAffinityTerm": [
                                          "object",
                                          {
                                            "labelSelector": [
                                              "object",
                                              {
                                                "matchExpressions": [
                                                  "list",
                                                  [
                                                    "object",
                                                    {
                                                      "key": "string",
                                                      "operator": "string",
                                                      "values": [
                                                        "list",
                                                        "string"
                                                      ]
                                                    }
                                                  ]
                                                ],
                                                "matchLabels": [
                                                  "map",
                                                  "string"
                                                ]
                                              }
                                            ],
                                            "namespaceSelector": [
                                              "object",
                                              {
                                                "matchExpressions": [
                                                  "list",
                                                  [
                                                    "object",
                                                    {
                                                      "key": "string",
                                                      "operator": "string",
                                                      "values": [
                                                        "list",
                                                        "string"
                                                      ]
                                                    }
                                                  ]
                                                ],
                                                "matchLabels": [
                                                  "map",
                                                  "string"
                                                ]
                                              }
                                            ],
                                            "namespaces": [
                                              "list",
                                              "string"
                                            ],
                                            "topologyKey": "string"
                                          }
                                        ],
                                        "weight": "number"
                                      }
                                    ]
                                  ],
                                  "requiredDuringSchedulingIgnoredDuringExecution": [
                                    "list",
                                    [
                                      "object",
                                      {
                                        "labelSelector": [
                                          "object",
                                          {
                                            "matchExpressions": [
                                              "list",
                                              [
                                                "object",
                                                {
                                                  "key": "string",
                                                  "operator": "string",
                                                  "values": [
                                                    "list",
                                                    "string"
                                                  ]
                                                }
                                              ]
                                            ],
                                            "matchLabels": [
                                              "map",
                                              "string"
                                            ]
                                          }
                                        ],
                                        "namespaceSelector": [
                                          "object",
                                          {
                                            "matchExpressions": [
                                              "list",
                                              [
                                                "object",
                                                {
                                                  "key": "string",
                                                  "operator": "string",
                                                  "values": [
                                                    "list",
                                                    "string"
                                                  ]
                                                }
                                              ]
                                            ],
                                            "matchLabels": [
                                              "map",
                                              "string"
                                            ]
                                          }
                                        ],
                                        "namespaces": [
                                          "list",
                                          "string"
                                        ],
                                        "topologyKey": "string"
                                      }
                                    ]
                                  ]
                                }
                              ]
                            }
                          ],
                          "command": [
                            "list",
                            "string"
                          ],
                          "containerSecurityContext": [
                            "object",
                            {
                              "allowPrivilegeEscalation": "bool",
                              "capabilities": [
                                "object",
                                {
                                  "add": [
                                    "list",
                                    "string"
                                  ],
                                  "drop": [
                                    "list",
                                    "string"
                                  ]
                                }
                              ],
                              "privileged": "bool",
                              "procMount": "string",
                              "readOnlyRootFilesystem": "bool",
                              "runAsGroup": "number",
                              "runAsNonRoot": "bool",
                              "runAsUser": "number",
                              "seLinuxOptions": [
                                "object",
                                {
                                  "level": "string",
                                  "role": "string",
                                  "type": "string",
                                  "user": "string"
                                }
                              ],
                              "seccompProfile": [
                                "object",
                                {
                                  "localhostProfile": "string",
                                  "type": "string"
                                }
                              ],
                              "windowsOptions": [
                                "object",
                                {
                                  "gmsaCredentialSpec": "string",
                                  "gmsaCredentialSpecName": "string",
                                  "hostProcess": "bool",
                                  "runAsUserName": "string"
                                }
                              ]
                            }
                          ],
                          "customCommandRenames": [
                            "list",
                            [
                              "object",
                              {
                                "from": "string",
                                "to": "string"
                              }
                            ]
                          ],
                          "customConfig": [
                            "list",
                            "string"
                          ],
                          "dnsPolicy": "string",
                          "exporter": [
                            "object",
                            {
                              "args": [
                                "list",
                                "string"
                              ],
                              "containerSecurityContext": [
                                "object",
                                {
                                  "allowPrivilegeEscalation": "bool",
                                  "capabilities": [
                                    "object",
                                    {
                                      "add": [
                                        "list",
                                        "string"
                                      ],
                                      "drop": [
                                        "list",
                                        "string"
                                      ]
                                    }
                                  ],
                                  "privileged": "bool",
                                  "procMount": "string",
                                  "readOnlyRootFilesystem": "bool",
                                  "runAsGroup": "number",
                                  "runAsNonRoot": "bool",
                                  "runAsUser": "number",
                                  "seLinuxOptions": [
                                    "object",
                                    {
                                      "level": "string",
                                      "role": "string",
                                      "type": "string",
                                      "user": "string"
                                    }
                                  ],
                                  "seccompProfile": [
                                    "object",
                                    {
                                      "localhostProfile": "string",
                                      "type": "string"
                                    }
                                  ],
                                  "windowsOptions": [
                                    "object",
                                    {
                                      "gmsaCredentialSpec": "string",
                                      "gmsaCredentialSpecName": "string",
                                      "hostProcess": "bool",
                                      "runAsUserName": "string"
                                    }
                                  ]
                                }
                              ],
                              "enabled": "bool",
                              "env": [
                                "list",
                                [
                                  "object",
                                  {
                                    "name": "string",
                                    "value": "string",
                                    "valueFrom": [
                                      "object",
                                      {
                                        "configMapKeyRef": [
                                          "object",
                                          {
                                            "key": "string",
                                            "name": "string",
                                            "optional": "bool"
                                          }
                                        ],
                                        "fieldRef": [
                                          "object",
                                          {
                                            "apiVersion": "string",
                                            "fieldPath": "string"
                                          }
                                        ],
                                        "resourceFieldRef": [
                                          "object",
                                          {
                                            "containerName": "string",
                                            "divisor": "string",
                                            "resource": "string"
                                          }
                                        ],
                                        "secretKeyRef": [
                                          "object",
                                          {
                                            "key": "string",
                                            "name": "string",
                                            "optional": "bool"
                                          }
                                        ]
                                      }
                                    ]
                                  }
                                ]
                              ],
                              "image": "string",
                              "imagePullPolicy": "string",
                              "resources": [
                                "object",
                                {
                                  "limits": [
                                    "map",
                                    "string"
                                  ],
                                  "requests": [
                                    "map",
                                    "string"
                                  ]
                                }
                              ]
                            }
                          ],
                          "extraContainers": [
                            "list",
                            [
                              "object",
                              {
                                "args": [
                                  "list",
                                  "string"
                                ],
                                "command": [
                                  "list",
                                  "string"
                                ],
                                "env": [
                                  "list",
                                  [
                                    "object",
                                    {
                                      "name": "string",
                                      "value": "string",
                                      "valueFrom": [
                                        "object",
                                        {
                                          "configMapKeyRef": [
                                            "object",
                                            {
                                              "key": "string",
                                              "name": "string",
                                              "optional": "bool"
                                            }
                                          ],
                                          "fieldRef": [
                                            "object",
                                            {
                                              "apiVersion": "string",
                                              "fieldPath": "string"
                                            }
                                          ],
                                          "resourceFieldRef": [
                                            "object",
                                            {
                                              "containerName": "string",
                                              "divisor": "string",
                                              "resource": "string"
                                            }
                                          ],
                                          "secretKeyRef": [
                                            "object",
                                            {
                                              "key": "string",
                                              "name": "string",
                                              "optional": "bool"
                                            }
                                          ]
                                        }
                                      ]
                                    }
                                  ]
                                ],
                                "envFrom": [
                                  "list",
                                  [
                                    "object",
                                    {
                                      "configMapRef": [
                                        "object",
                                        {
                                          "name": "string",
                                          "optional": "bool"
                                        }
                                      ],
                                      "prefix": "string",
                                      "secretRef": [
                                        "object",
                                        {
                                          "name": "string",
                                          "optional": "bool"
                                        }
                                      ]
                                    }
                                  ]
                                ],
                                "image": "string",
                                "imagePullPolicy": "string",
                                "lifecycle": [
                                  "object",
                                  {
                                    "postStart": [
                                      "object",
                                      {
                                        "exec": [
                                          "object",
                                          {
                                            "command": [
                                              "list",
                                              "string"
                                            ]
                                          }
                                        ],
                                        "httpGet": [
                                          "object",
                                          {
                                            "host": "string",
                                            "httpHeaders": [
                                              "list",
                                              [
                                                "object",
                                                {
                                                  "name": "string",
                                                  "value": "string"
                                                }
                                              ]
                                            ],
                                            "path": "string",
                                            "port": "string",
                                            "scheme": "string"
                                          }
                                        ],
                                        "tcpSocket": [
                                          "object",
                                          {
                                            "host": "string",
                                            "port": "string"
                                          }
                                        ]
                                      }
                                    ],
                                    "preStop": [
                                      "object",
                                      {
                                        "exec": [
                                          "object",
                                          {
                                            "command": [
                                              "list",
                                              "string"
                                            ]
                                          }
                                        ],
                                        "httpGet": [
                                          "object",
                                          {
                                            "host": "string",
                                            "httpHeaders": [
                                              "list",
                                              [
                                                "object",
                                                {
                                                  "name": "string",
                                                  "value": "string"
                                                }
                                              ]
                                            ],
                                            "path": "string",
                                            "port": "string",
                                            "scheme": "string"
                                          }
                                        ],
                                        "tcpSocket": [
                                          "object",
                                          {
                                            "host": "string",
                                            "port": "string"
                                          }
                                        ]
                                      }
                                    ]
                                  }
                                ],
                                "livenessProbe": [
                                  "object",
                                  {
                                    "exec": [
                                      "object",
                                      {
                                        "command": [
                                          "list",
                                          "string"
                                        ]
                                      }
                                    ],
                                    "failureThreshold": "number",
                                    "grpc": [
                                      "object",
                                      {
                                        "port": "number",
                                        "service": "string"
                                      }
                                    ],
                                    "httpGet": [
                                      "object",
                                      {
                                        "host": "string",
                                        "httpHeaders": [
                                          "list",
                                          [
                                            "object",
                                            {
                                              "name": "string",
                                              "value": "string"
                                            }
                                          ]
                                        ],
                                        "path": "string",
                                        "port": "string",
                                        "scheme": "string"
                                      }
                                    ],
                                    "initialDelaySeconds": "number",
                                    "periodSeconds": "number",
                                    "successThreshold": "number",
                                    "tcpSocket": [
                                      "object",
                                      {
                                        "host": "string",
                                        "port": "string"
                                      }
                                    ],
                                    "terminationGracePeriodSeconds": "number",
                                    "timeoutSeconds": "number"
                                  }
                                ],
                                "name": "string",
                                "ports": [
                                  "list",
                                  [
                                    "object",
                                    {
                                      "containerPort": "number",
                                      "hostIP": "string",
                                      "hostPort": "number",
                                      "name": "string",
                                      "protocol": "string"
                                    }
                                  ]
                                ],
                                "readinessProbe": [
                                  "object",
                                  {
                                    "exec": [
                                      "object",
                                      {
                                        "command": [
                                          "list",
                                          "string"
                                        ]
                                      }
                                    ],
                                    "failureThreshold": "number",
                                    "grpc": [
                                      "object",
                                      {
                                        "port": "number",
                                        "service": "string"
                                      }
                                    ],
                                    "httpGet": [
                                      "object",
                                      {
                                        "host": "string",
                                        "httpHeaders": [
                                          "list",
                                          [
                                            "object",
                                            {
                                              "name": "string",
                                              "value": "string"
                                            }
                                          ]
                                        ],
                                        "path": "string",
                                        "port": "string",
                                        "scheme": "string"
                                      }
                                    ],
                                    "initialDelaySeconds": "number",
                                    "periodSeconds": "number",
                                    "successThreshold": "number",
                                    "tcpSocket": [
                                      "object",
                                      {
                                        "host": "string",
                                        "port": "string"
                                      }
                                    ],
                                    "terminationGracePeriodSeconds": "number",
                                    "timeoutSeconds": "number"
                                  }
                                ],
                                "resources": [
                                  "object",
                                  {
                                    "limits": [
                                      "map",
                                      "string"
                                    ],
                                    "requests": [
                                      "map",
                                      "string"
                                    ]
                                  }
                                ],
                                "securityContext": [
                                  "object",
                                  {
                                    "allowPrivilegeEscalation": "bool",
                                    "capabilities": [
                                      "object",
                                      {
                                        "add": [
                                          "list",
                                          "string"
                                        ],
                                        "drop": [
                                          "list",
                                          "string"
                                        ]
                                      }
                                    ],
                                    "privileged": "bool",
                                    "procMount": "string",
                                    "readOnlyRootFilesystem": "bool",
                                    "runAsGroup": "number",
                                    "runAsNonRoot": "bool",
                                    "runAsUser": "number",
                                    "seLinuxOptions": [
                                      "object",
                                      {
                                        "level": "string",
                                        "role": "string",
                                        "type": "string",
                                        "user": "string"
                                      }
                                    ],
                                    "seccompProfile": [
                                      "object",
                                      {
                                        "localhostProfile": "string",
                                        "type": "string"
                                      }
                                    ],
                                    "windowsOptions": [
                                      "object",
                                      {
                                        "gmsaCredentialSpec": "string",
                                        "gmsaCredentialSpecName": "string",
                                        "hostProcess": "bool",
                                        "runAsUserName": "string"
                                      }
                                    ]
                                  }
                                ],
                                "startupProbe": [
                                  "object",
                                  {
                                    "exec": [
                                      "object",
                                      {
                                        "command": [
                                          "list",
                                          "string"
                                        ]
                                      }
                                    ],
                                    "failureThreshold": "number",
                                    "grpc": [
                                      "object",
                                      {
                                        "port": "number",
                                        "service": "string"
                                      }
                                    ],
                                    "httpGet": [
                                      "object",
                                      {
                                        "host": "string",
                                        "httpHeaders": [
                                          "list",
                                          [
                                            "object",
                                            {
                                              "name": "string",
                                              "value": "string"
                                            }
                                          ]
                                        ],
                                        "path": "string",
                                        "port": "string",
                                        "scheme": "string"
                                      }
                                    ],
                                    "initialDelaySeconds": "number",
                                    "periodSeconds": "number",
                                    "successThreshold": "number",
                                    "tcpSocket": [
                                      "object",
                                      {
                                        "host": "string",
                                        "port": "string"
                                      }
                                    ],
                                    "terminationGracePeriodSeconds": "number",
                                    "timeoutSeconds": "number"
                                  }
                                ],
                                "stdin": "bool",
                                "stdinOnce": "bool",
                                "terminationMessagePath": "string",
                                "terminationMessagePolicy": "string",
                                "tty": "bool",
                                "volumeDevices": [
                                  "list",
                                  [
                                    "object",
                                    {
                                      "devicePath": "string",
                                      "name": "string"
                                    }
                                  ]
                                ],
                                "volumeMounts": [
                                  "list",
                                  [
                                    "object",
                                    {
                                      "mountPath": "string",
                                      "mountPropagation": "string",
                                      "name": "string",
                                      "readOnly": "bool",
                                      "subPath": "string",
                                      "subPathExpr": "string"
                                    }
                                  ]
                                ],
                                "workingDir": "string"
                              }
                            ]
                          ],
                          "extraVolumeMounts": [
                            "list",
                            [
                              "object",
                              {
                                "mountPath": "string",
                                "mountPropagation": "string",
                                "name": "string",
                                "readOnly": "bool",
                                "subPath": "string",
                                "subPathExpr": "string"
                              }
                            ]
                          ],
                          "extraVolumes": [
                            "tuple",
                            [
                              [
                                "object",
                                {
                                  "awsElasticBlockStore": [
                                    "object",
                                    {
                                      "fsType": "string",
                                      "partition": "number",
                                      "readOnly": "bool",
                                      "volumeID": "string"
                                    }
                                  ],
                                  "azureDisk": [
                                    "object",
                                    {
                                      "cachingMode": "string",
                                      "diskName": "string",
                                      "diskURI": "string",
                                      "fsType": "string",
                                      "kind": "string",
                                      "readOnly": "bool"
                                    }
                                  ],
                                  "azureFile": [
                                    "object",
                                    {
                                      "readOnly": "bool",
                                      "secretName": "string",
                                      "shareName": "string"
                                    }
                                  ],
                                  "cephfs": [
                                    "object",
                                    {
                                      "monitors": [
                                        "list",
                                        "string"
                                      ],
                                      "path": "string",
                                      "readOnly": "bool",
                                      "secretFile": "string",
                                      "secretRef": [
                                        "object",
                                        {
                                          "name": "string"
                                        }
                                      ],
                                      "user": "string"
                                    }
                                  ],
                                  "cinder": [
                                    "object",
                                    {
                                      "fsType": "string",
                                      "readOnly": "bool",
                                      "secretRef": [
                                        "object",
                                        {
                                          "name": "string"
                                        }
                                      ],
                                      "volumeID": "string"
                                    }
                                  ],
                                  "configMap": [
                                    "object",
                                    {
                                      "defaultMode": "number",
                                      "items": [
                                        "list",
                                        [
                                          "object",
                                          {
                                            "key": "string",
                                            "mode": "number",
                                            "path": "string"
                                          }
                                        ]
                                      ],
                                      "name": "string",
                                      "optional": "bool"
                                    }
                                  ],
                                  "csi": [
                                    "object",
                                    {
                                      "driver": "string",
                                      "fsType": "string",
                                      "nodePublishSecretRef": [
                                        "object",
                                        {
                                          "name": "string"
                                        }
                                      ],
                                      "readOnly": "bool",
                                      "volumeAttributes": [
                                        "map",
                                        "string"
                                      ]
                                    }
                                  ],
                                  "downwardAPI": [
                                    "object",
                                    {
                                      "defaultMode": "number",
                                      "items": [
                                        "list",
                                        [
                                          "object",
                                          {
                                            "fieldRef": [
                                              "object",
                                              {
                                                "apiVersion": "string",
                                                "fieldPath": "string"
                                              }
                                            ],
                                            "mode": "number",
                                            "path": "string",
                                            "resourceFieldRef": [
                                              "object",
                                              {
                                                "containerName": "string",
                                                "divisor": "string",
                                                "resource": "string"
                                              }
                                            ]
                                          }
                                        ]
                                      ]
                                    }
                                  ],
                                  "emptyDir": [
                                    "object",
                                    {
                                      "medium": "string",
                                      "sizeLimit": "string"
                                    }
                                  ],
                                  "ephemeral": [
                                    "object",
                                    {
                                      "volumeClaimTemplate": [
                                        "object",
                                        {
                                          "metadata": "dynamic",
                                          "spec": [
                                            "object",
                                            {
                                              "accessModes": [
                                                "list",
                                                "string"
                                              ],
                                              "dataSource": [
                                                "object",
                                                {
                                                  "apiGroup": "string",
                                                  "kind": "string",
                                                  "name": "string"
                                                }
                                              ],
                                              "dataSourceRef": [
                                                "object",
                                                {
                                                  "apiGroup": "string",
                                                  "kind": "string",
                                                  "name": "string"
                                                }
                                              ],
                                              "resources": [
                                                "object",
                                                {
                                                  "limits": [
                                                    "map",
                                                    "string"
                                                  ],
                                                  "requests": [
                                                    "map",
                                                    "string"
                                                  ]
                                                }
                                              ],
                                              "selector": [
                                                "object",
                                                {
                                                  "matchExpressions": [
                                                    "list",
                                                    [
                                                      "object",
                                                      {
                                                        "key": "string",
                                                        "operator": "string",
                                                        "values": [
                                                          "list",
                                                          "string"
                                                        ]
                                                      }
                                                    ]
                                                  ],
                                                  "matchLabels": [
                                                    "map",
                                                    "string"
                                                  ]
                                                }
                                              ],
                                              "storageClassName": "string",
                                              "volumeMode": "string",
                                              "volumeName": "string"
                                            }
                                          ]
                                        }
                                      ]
                                    }
                                  ],
                                  "fc": [
                                    "object",
                                    {
                                      "fsType": "string",
                                      "lun": "number",
                                      "readOnly": "bool",
                                      "targetWWNs": [
                                        "list",
                                        "string"
                                      ],
                                      "wwids": [
                                        "list",
                                        "string"
                                      ]
                                    }
                                  ],
                                  "flexVolume": [
                                    "object",
                                    {
                                      "driver": "string",
                                      "fsType": "string",
                                      "options": [
                                        "map",
                                        "string"
                                      ],
                                      "readOnly": "bool",
                                      "secretRef": [
                                        "object",
                                        {
                                          "name": "string"
                                        }
                                      ]
                                    }
                                  ],
                                  "flocker": [
                                    "object",
                                    {
                                      "datasetName": "string",
                                      "datasetUUID": "string"
                                    }
                                  ],
                                  "gcePersistentDisk": [
                                    "object",
                                    {
                                      "fsType": "string",
                                      "partition": "number",
                                      "pdName": "string",
                                      "readOnly": "bool"
                                    }
                                  ],
                                  "gitRepo": [
                                    "object",
                                    {
                                      "directory": "string",
                                      "repository": "string",
                                      "revision": "string"
                                    }
                                  ],
                                  "glusterfs": [
                                    "object",
                                    {
                                      "endpoints": "string",
                                      "path": "string",
                                      "readOnly": "bool"
                                    }
                                  ],
                                  "hostPath": [
                                    "object",
                                    {
                                      "path": "string",
                                      "type": "string"
                                    }
                                  ],
                                  "iscsi": [
                                    "object",
                                    {
                                      "chapAuthDiscovery": "bool",
                                      "chapAuthSession": "bool",
                                      "fsType": "string",
                                      "initiatorName": "string",
                                      "iqn": "string",
                                      "iscsiInterface": "string",
                                      "lun": "number",
                                      "portals": [
                                        "list",
                                        "string"
                                      ],
                                      "readOnly": "bool",
                                      "secretRef": [
                                        "object",
                                        {
                                          "name": "string"
                                        }
                                      ],
                                      "targetPortal": "string"
                                    }
                                  ],
                                  "name": "string",
                                  "nfs": [
                                    "object",
                                    {
                                      "path": "string",
                                      "readOnly": "bool",
                                      "server": "string"
                                    }
                                  ],
                                  "persistentVolumeClaim": [
                                    "object",
                                    {
                                      "claimName": "string",
                                      "readOnly": "bool"
                                    }
                                  ],
                                  "photonPersistentDisk": [
                                    "object",
                                    {
                                      "fsType": "string",
                                      "pdID": "string"
                                    }
                                  ],
                                  "portworxVolume": [
                                    "object",
                                    {
                                      "fsType": "string",
                                      "readOnly": "bool",
                                      "volumeID": "string"
                                    }
                                  ],
                                  "projected": [
                                    "object",
                                    {
                                      "defaultMode": "number",
                                      "sources": [
                                        "list",
                                        [
                                          "object",
                                          {
                                            "configMap": [
                                              "object",
                                              {
                                                "items": [
                                                  "list",
                                                  [
                                                    "object",
                                                    {
                                                      "key": "string",
                                                      "mode": "number",
                                                      "path": "string"
                                                    }
                                                  ]
                                                ],
                                                "name": "string",
                                                "optional": "bool"
                                              }
                                            ],
                                            "downwardAPI": [
                                              "object",
                                              {
                                                "items": [
                                                  "list",
                                                  [
                                                    "object",
                                                    {
                                                      "fieldRef": [
                                                        "object",
                                                        {
                                                          "apiVersion": "string",
                                                          "fieldPath": "string"
                                                        }
                                                      ],
                                                      "mode": "number",
                                                      "path": "string",
                                                      "resourceFieldRef": [
                                                        "object",
                                                        {
                                                          "containerName": "string",
                                                          "divisor": "string",
                                                          "resource": "string"
                                                        }
                                                      ]
                                                    }
                                                  ]
                                                ]
                                              }
                                            ],
                                            "secret": [
                                              "object",
                                              {
                                                "items": [
                                                  "list",
                                                  [
                                                    "object",
                                                    {
                                                      "key": "string",
                                                      "mode": "number",
                                                      "path": "string"
                                                    }
                                                  ]
                                                ],
                                                "name": "string",
                                                "optional": "bool"
                                              }
                                            ],
                                            "serviceAccountToken": [
                                              "object",
                                              {
                                                "audience": "string",
                                                "expirationSeconds": "number",
                                                "path": "string"
                                              }
                                            ]
                                          }
                                        ]
                                      ]
                                    }
                                  ],
                                  "quobyte": [
                                    "object",
                                    {
                                      "group": "string",
                                      "readOnly": "bool",
                                      "registry": "string",
                                      "tenant": "string",
                                      "user": "string",
                                      "volume": "string"
                                    }
                                  ],
                                  "rbd": [
                                    "object",
                                    {
                                      "fsType": "string",
                                      "image": "string",
                                      "keyring": "string",
                                      "monitors": [
                                        "list",
                                        "string"
                                      ],
                                      "pool": "string",
                                      "readOnly": "bool",
                                      "secretRef": [
                                        "object",
                                        {
                                          "name": "string"
                                        }
                                      ],
                                      "user": "string"
                                    }
                                  ],
                                  "scaleIO": [
                                    "object",
                                    {
                                      "fsType": "string",
                                      "gateway": "string",
                                      "protectionDomain": "string",
                                      "readOnly": "bool",
                                      "secretRef": [
                                        "object",
                                        {
                                          "name": "string"
                                        }
                                      ],
                                      "sslEnabled": "bool",
                                      "storageMode": "string",
                                      "storagePool": "string",
                                      "system": "string",
                                      "volumeName": "string"
                                    }
                                  ],
                                  "secret": [
                                    "object",
                                    {
                                      "defaultMode": "number",
                                      "items": [
                                        "list",
                                        [
                                          "object",
                                          {
                                            "key": "string",
                                            "mode": "number",
                                            "path": "string"
                                          }
                                        ]
                                      ],
                                      "optional": "bool",
                                      "secretName": "string"
                                    }
                                  ],
                                  "storageos": [
                                    "object",
                                    {
                                      "fsType": "string",
                                      "readOnly": "bool",
                                      "secretRef": [
                                        "object",
                                        {
                                          "name": "string"
                                        }
                                      ],
                                      "volumeName": "string",
                                      "volumeNamespace": "string"
                                    }
                                  ],
                                  "vsphereVolume": [
                                    "object",
                                    {
                                      "fsType": "string",
                                      "storagePolicyID": "string",
                                      "storagePolicyName": "string",
                                      "volumePath": "string"
                                    }
                                  ]
                                }
                              ]
                            ]
                          ],
                          "hostNetwork": "bool",
                          "image": "string",
                          "imagePullPolicy": "string",
                          "imagePullSecrets": [
                            "list",
                            [
                              "object",
                              {
                                "name": "string"
                              }
                            ]
                          ],
                          "initContainers": [
                            "list",
                            [
                              "object",
                              {
                                "args": [
                                  "list",
                                  "string"
                                ],
                                "command": [
                                  "list",
                                  "string"
                                ],
                                "env": [
                                  "list",
                                  [
                                    "object",
                                    {
                                      "name": "string",
                                      "value": "string",
                                      "valueFrom": [
                                        "object",
                                        {
                                          "configMapKeyRef": [
                                            "object",
                                            {
                                              "key": "string",
                                              "name": "string",
                                              "optional": "bool"
                                            }
                                          ],
                                          "fieldRef": [
                                            "object",
                                            {
                                              "apiVersion": "string",
                                              "fieldPath": "string"
                                            }
                                          ],
                                          "resourceFieldRef": [
                                            "object",
                                            {
                                              "containerName": "string",
                                              "divisor": "string",
                                              "resource": "string"
                                            }
                                          ],
                                          "secretKeyRef": [
                                            "object",
                                            {
                                              "key": "string",
                                              "name": "string",
                                              "optional": "bool"
                                            }
                                          ]
                                        }
                                      ]
                                    }
                                  ]
                                ],
                                "envFrom": [
                                  "list",
                                  [
                                    "object",
                                    {
                                      "configMapRef": [
                                        "object",
                                        {
                                          "name": "string",
                                          "optional": "bool"
                                        }
                                      ],
                                      "prefix": "string",
                                      "secretRef": [
                                        "object",
                                        {
                                          "name": "string",
                                          "optional": "bool"
                                        }
                                      ]
                                    }
                                  ]
                                ],
                                "image": "string",
                                "imagePullPolicy": "string",
                                "lifecycle": [
                                  "object",
                                  {
                                    "postStart": [
                                      "object",
                                      {
                                        "exec": [
                                          "object",
                                          {
                                            "command": [
                                              "list",
                                              "string"
                                            ]
                                          }
                                        ],
                                        "httpGet": [
                                          "object",
                                          {
                                            "host": "string",
                                            "httpHeaders": [
                                              "list",
                                              [
                                                "object",
                                                {
                                                  "name": "string",
                                                  "value": "string"
                                                }
                                              ]
                                            ],
                                            "path": "string",
                                            "port": "string",
                                            "scheme": "string"
                                          }
                                        ],
                                        "tcpSocket": [
                                          "object",
                                          {
                                            "host": "string",
                                            "port": "string"
                                          }
                                        ]
                                      }
                                    ],
                                    "preStop": [
                                      "object",
                                      {
                                        "exec": [
                                          "object",
                                          {
                                            "command": [
                                              "list",
                                              "string"
                                            ]
                                          }
                                        ],
                                        "httpGet": [
                                          "object",
                                          {
                                            "host": "string",
                                            "httpHeaders": [
                                              "list",
                                              [
                                                "object",
                                                {
                                                  "name": "string",
                                                  "value": "string"
                                                }
                                              ]
                                            ],
                                            "path": "string",
                                            "port": "string",
                                            "scheme": "string"
                                          }
                                        ],
                                        "tcpSocket": [
                                          "object",
                                          {
                                            "host": "string",
                                            "port": "string"
                                          }
                                        ]
                                      }
                                    ]
                                  }
                                ],
                                "livenessProbe": [
                                  "object",
                                  {
                                    "exec": [
                                      "object",
                                      {
                                        "command": [
                                          "list",
                                          "string"
                                        ]
                                      }
                                    ],
                                    "failureThreshold": "number",
                                    "grpc": [
                                      "object",
                                      {
                                        "port": "number",
                                        "service": "string"
                                      }
                                    ],
                                    "httpGet": [
                                      "object",
                                      {
                                        "host": "string",
                                        "httpHeaders": [
                                          "list",
                                          [
                                            "object",
                                            {
                                              "name": "string",
                                              "value": "string"
                                            }
                                          ]
                                        ],
                                        "path": "string",
                                        "port": "string",
                                        "scheme": "string"
                                      }
                                    ],
                                    "initialDelaySeconds": "number",
                                    "periodSeconds": "number",
                                    "successThreshold": "number",
                                    "tcpSocket": [
                                      "object",
                                      {
                                        "host": "string",
                                        "port": "string"
                                      }
                                    ],
                                    "terminationGracePeriodSeconds": "number",
                                    "timeoutSeconds": "number"
                                  }
                                ],
                                "name": "string",
                                "ports": [
                                  "list",
                                  [
                                    "object",
                                    {
                                      "containerPort": "number",
                                      "hostIP": "string",
                                      "hostPort": "number",
                                      "name": "string",
                                      "protocol": "string"
                                    }
                                  ]
                                ],
                                "readinessProbe": [
                                  "object",
                                  {
                                    "exec": [
                                      "object",
                                      {
                                        "command": [
                                          "list",
                                          "string"
                                        ]
                                      }
                                    ],
                                    "failureThreshold": "number",
                                    "grpc": [
                                      "object",
                                      {
                                        "port": "number",
                                        "service": "string"
                                      }
                                    ],
                                    "httpGet": [
                                      "object",
                                      {
                                        "host": "string",
                                        "httpHeaders": [
                                          "list",
                                          [
                                            "object",
                                            {
                                              "name": "string",
                                              "value": "string"
                                            }
                                          ]
                                        ],
                                        "path": "string",
                                        "port": "string",
                                        "scheme": "string"
                                      }
                                    ],
                                    "initialDelaySeconds": "number",
                                    "periodSeconds": "number",
                                    "successThreshold": "number",
                                    "tcpSocket": [
                                      "object",
                                      {
                                        "host": "string",
                                        "port": "string"
                                      }
                                    ],
                                    "terminationGracePeriodSeconds": "number",
                                    "timeoutSeconds": "number"
                                  }
                                ],
                                "resources": [
                                  "object",
                                  {
                                    "limits": [
                                      "map",
                                      "string"
                                    ],
                                    "requests": [
                                      "map",
                                      "string"
                                    ]
                                  }
                                ],
                                "securityContext": [
                                  "object",
                                  {
                                    "allowPrivilegeEscalation": "bool",
                                    "capabilities": [
                                      "object",
                                      {
                                        "add": [
                                          "list",
                                          "string"
                                        ],
                                        "drop": [
                                          "list",
                                          "string"
                                        ]
                                      }
                                    ],
                                    "privileged": "bool",
                                    "procMount": "string",
                                    "readOnlyRootFilesystem": "bool",
                                    "runAsGroup": "number",
                                    "runAsNonRoot": "bool",
                                    "runAsUser": "number",
                                    "seLinuxOptions": [
                                      "object",
                                      {
                                        "level": "string",
                                        "role": "string",
                                        "type": "string",
                                        "user": "string"
                                      }
                                    ],
                                    "seccompProfile": [
                                      "object",
                                      {
                                        "localhostProfile": "string",
                                        "type": "string"
                                      }
                                    ],
                                    "windowsOptions": [
                                      "object",
                                      {
                                        "gmsaCredentialSpec": "string",
                                        "gmsaCredentialSpecName": "string",
                                        "hostProcess": "bool",
                                        "runAsUserName": "string"
                                      }
                                    ]
                                  }
                                ],
                                "startupProbe": [
                                  "object",
                                  {
                                    "exec": [
                                      "object",
                                      {
                                        "command": [
                                          "list",
                                          "string"
                                        ]
                                      }
                                    ],
                                    "failureThreshold": "number",
                                    "grpc": [
                                      "object",
                                      {
                                        "port": "number",
                                        "service": "string"
                                      }
                                    ],
                                    "httpGet": [
                                      "object",
                                      {
                                        "host": "string",
                                        "httpHeaders": [
                                          "list",
                                          [
                                            "object",
                                            {
                                              "name": "string",
                                              "value": "string"
                                            }
                                          ]
                                        ],
                                        "path": "string",
                                        "port": "string",
                                        "scheme": "string"
                                      }
                                    ],
                                    "initialDelaySeconds": "number",
                                    "periodSeconds": "number",
                                    "successThreshold": "number",
                                    "tcpSocket": [
                                      "object",
                                      {
                                        "host": "string",
                                        "port": "string"
                                      }
                                    ],
                                    "terminationGracePeriodSeconds": "number",
                                    "timeoutSeconds": "number"
                                  }
                                ],
                                "stdin": "bool",
                                "stdinOnce": "bool",
                                "terminationMessagePath": "string",
                                "terminationMessagePolicy": "string",
                                "tty": "bool",
                                "volumeDevices": [
                                  "list",
                                  [
                                    "object",
                                    {
                                      "devicePath": "string",
                                      "name": "string"
                                    }
                                  ]
                                ],
                                "volumeMounts": [
                                  "list",
                                  [
                                    "object",
                                    {
                                      "mountPath": "string",
                                      "mountPropagation": "string",
                                      "name": "string",
                                      "readOnly": "bool",
                                      "subPath": "string",
                                      "subPathExpr": "string"
                                    }
                                  ]
                                ],
                                "workingDir": "string"
                              }
                            ]
                          ],
                          "nodeSelector": [
                            "map",
                            "string"
                          ],
                          "podAnnotations": [
                            "map",
                            "string"
                          ],
                          "port": "number",
                          "priorityClassName": "string",
                          "replicas": "number",
                          "resources": [
                            "object",
                            {
                              "limits": [
                                "map",
                                "string"
                              ],
                              "requests": [
                                "map",
                                "string"
                              ]
                            }
                          ],
                          "securityContext": [
                            "object",
                            {
                              "fsGroup": "number",
                              "fsGroupChangePolicy": "string",
                              "runAsGroup": "number",
                              "runAsNonRoot": "bool",
                              "runAsUser": "number",
                              "seLinuxOptions": [
                                "object",
                                {
                                  "level": "string",
                                  "role": "string",
                                  "type": "string",
                                  "user": "string"
                                }
                              ],
                              "seccompProfile": [
                                "object",
                                {
                                  "localhostProfile": "string",
                                  "type": "string"
                                }
                              ],
                              "supplementalGroups": [
                                "list",
                                "number"
                              ],
                              "sysctls": [
                                "list",
                                [
                                  "object",
                                  {
                                    "name": "string",
                                    "value": "string"
                                  }
                                ]
                              ],
                              "windowsOptions": [
                                "object",
                                {
                                  "gmsaCredentialSpec": "string",
                                  "gmsaCredentialSpecName": "string",
                                  "hostProcess": "bool",
                                  "runAsUserName": "string"
                                }
                              ]
                            }
                          ],
                          "serviceAccountName": "string",
                          "serviceAnnotations": [
                            "map",
                            "string"
                          ],
                          "shutdownConfigMap": "string",
                          "storage": [
                            "object",
                            {
                              "emptyDir": [
                                "object",
                                {
                                  "medium": "string",
                                  "sizeLimit": "string"
                                }
                              ],
                              "keepAfterDeletion": "bool",
                              "persistentVolumeClaim": [
                                "object",
                                {
                                  "apiVersion": "string",
                                  "kind": "string",
                                  "metadata": [
                                    "object",
                                    {
                                      "annotations": [
                                        "map",
                                        "string"
                                      ],
                                      "labels": [
                                        "map",
                                        "string"
                                      ],
                                      "name": "string"
                                    }
                                  ],
                                  "spec": [
                                    "object",
                                    {
                                      "accessModes": [
                                        "list",
                                        "string"
                                      ],
                                      "dataSource": [
                                        "object",
                                        {
                                          "apiGroup": "string",
                                          "kind": "string",
                                          "name": "string"
                                        }
                                      ],
                                      "dataSourceRef": [
                                        "object",
                                        {
                                          "apiGroup": "string",
                                          "kind": "string",
                                          "name": "string"
                                        }
                                      ],
                                      "resources": [
                                        "object",
                                        {
                                          "limits": [
                                            "map",
                                            "string"
                                          ],
                                          "requests": [
                                            "map",
                                            "string"
                                          ]
                                        }
                                      ],
                                      "selector": [
                                        "object",
                                        {
                                          "matchExpressions": [
                                            "list",
                                            [
                                              "object",
                                              {
                                                "key": "string",
                                                "operator": "string",
                                                "values": [
                                                  "list",
                                                  "string"
                                                ]
                                              }
                                            ]
                                          ],
                                          "matchLabels": [
                                            "map",
                                            "string"
                                          ]
                                        }
                                      ],
                                      "storageClassName": "string",
                                      "volumeMode": "string",
                                      "volumeName": "string"
                                    }
                                  ],
                                  "status": [
                                    "object",
                                    {
                                      "accessModes": [
                                        "list",
                                        "string"
                                      ],
                                      "allocatedResources": [
                                        "map",
                                        "string"
                                      ],
                                      "capacity": [
                                        "map",
                                        "string"
                                      ],
                                      "conditions": [
                                        "list",
                                        [
                                          "object",
                                          {
                                            "lastProbeTime": "string",
                                            "lastTransitionTime": "string",
                                            "message": "string",
                                            "reason": "string",
                                            "status": "string",
                                            "type": "string"
                                          }
                                        ]
                                      ],
                                      "phase": "string",
                                      "resizeStatus": "string"
                                    }
                                  ]
                                }
                              ]
                            }
                          ],
                          "terminationGracePeriod": "number",
                          "tolerations": [
                            "list",
                            [
                              "object",
                              {
                                "effect": "string",
                                "key": "string",
                                "operator": "string",
                                "tolerationSeconds": "number",
                                "value": "string"
                              }
                            ]
                          ],
                          "topologySpreadConstraints": [
                            "list",
                            [
                              "object",
                              {
                                "labelSelector": [
                                  "object",
                                  {
                                    "matchExpressions": [
                                      "list",
                                      [
                                        "object",
                                        {
                                          "key": "string",
                                          "operator": "string",
                                          "values": [
                                            "list",
                                            "string"
                                          ]
                                        }
                                      ]
                                    ],
                                    "matchLabels": [
                                      "map",
                                      "string"
                                    ]
                                  }
                                ],
                                "maxSkew": "number",
                                "minDomains": "number",
                                "topologyKey": "string",
                                "whenUnsatisfiable": "string"
                              }
                            ]
                          ]
                        }
                      ],
                      "sentinel": [
                        "object",
                        {
                          "affinity": [
                            "object",
                            {
                              "nodeAffinity": [
                                "object",
                                {
                                  "preferredDuringSchedulingIgnoredDuringExecution": [
                                    "list",
                                    [
                                      "object",
                                      {
                                        "preference": [
                                          "object",
                                          {
                                            "matchExpressions": [
                                              "list",
                                              [
                                                "object",
                                                {
                                                  "key": "string",
                                                  "operator": "string",
                                                  "values": [
                                                    "list",
                                                    "string"
                                                  ]
                                                }
                                              ]
                                            ],
                                            "matchFields": [
                                              "list",
                                              [
                                                "object",
                                                {
                                                  "key": "string",
                                                  "operator": "string",
                                                  "values": [
                                                    "list",
                                                    "string"
                                                  ]
                                                }
                                              ]
                                            ]
                                          }
                                        ],
                                        "weight": "number"
                                      }
                                    ]
                                  ],
                                  "requiredDuringSchedulingIgnoredDuringExecution": [
                                    "object",
                                    {
                                      "nodeSelectorTerms": [
                                        "list",
                                        [
                                          "object",
                                          {
                                            "matchExpressions": [
                                              "list",
                                              [
                                                "object",
                                                {
                                                  "key": "string",
                                                  "operator": "string",
                                                  "values": [
                                                    "list",
                                                    "string"
                                                  ]
                                                }
                                              ]
                                            ],
                                            "matchFields": [
                                              "list",
                                              [
                                                "object",
                                                {
                                                  "key": "string",
                                                  "operator": "string",
                                                  "values": [
                                                    "list",
                                                    "string"
                                                  ]
                                                }
                                              ]
                                            ]
                                          }
                                        ]
                                      ]
                                    }
                                  ]
                                }
                              ],
                              "podAffinity": [
                                "object",
                                {
                                  "preferredDuringSchedulingIgnoredDuringExecution": [
                                    "list",
                                    [
                                      "object",
                                      {
                                        "podAffinityTerm": [
                                          "object",
                                          {
                                            "labelSelector": [
                                              "object",
                                              {
                                                "matchExpressions": [
                                                  "list",
                                                  [
                                                    "object",
                                                    {
                                                      "key": "string",
                                                      "operator": "string",
                                                      "values": [
                                                        "list",
                                                        "string"
                                                      ]
                                                    }
                                                  ]
                                                ],
                                                "matchLabels": [
                                                  "map",
                                                  "string"
                                                ]
                                              }
                                            ],
                                            "namespaceSelector": [
                                              "object",
                                              {
                                                "matchExpressions": [
                                                  "list",
                                                  [
                                                    "object",
                                                    {
                                                      "key": "string",
                                                      "operator": "string",
                                                      "values": [
                                                        "list",
                                                        "string"
                                                      ]
                                                    }
                                                  ]
                                                ],
                                                "matchLabels": [
                                                  "map",
                                                  "string"
                                                ]
                                              }
                                            ],
                                            "namespaces": [
                                              "list",
                                              "string"
                                            ],
                                            "topologyKey": "string"
                                          }
                                        ],
                                        "weight": "number"
                                      }
                                    ]
                                  ],
                                  "requiredDuringSchedulingIgnoredDuringExecution": [
                                    "list",
                                    [
                                      "object",
                                      {
                                        "labelSelector": [
                                          "object",
                                          {
                                            "matchExpressions": [
                                              "list",
                                              [
                                                "object",
                                                {
                                                  "key": "string",
                                                  "operator": "string",
                                                  "values": [
                                                    "list",
                                                    "string"
                                                  ]
                                                }
                                              ]
                                            ],
                                            "matchLabels": [
                                              "map",
                                              "string"
                                            ]
                                          }
                                        ],
                                        "namespaceSelector": [
                                          "object",
                                          {
                                            "matchExpressions": [
                                              "list",
                                              [
                                                "object",
                                                {
                                                  "key": "string",
                                                  "operator": "string",
                                                  "values": [
                                                    "list",
                                                    "string"
                                                  ]
                                                }
                                              ]
                                            ],
                                            "matchLabels": [
                                              "map",
                                              "string"
                                            ]
                                          }
                                        ],
                                        "namespaces": [
                                          "list",
                                          "string"
                                        ],
                                        "topologyKey": "string"
                                      }
                                    ]
                                  ]
                                }
                              ],
                              "podAntiAffinity": [
                                "object",
                                {
                                  "preferredDuringSchedulingIgnoredDuringExecution": [
                                    "list",
                                    [
                                      "object",
                                      {
                                        "podAffinityTerm": [
                                          "object",
                                          {
                                            "labelSelector": [
                                              "object",
                                              {
                                                "matchExpressions": [
                                                  "list",
                                                  [
                                                    "object",
                                                    {
                                                      "key": "string",
                                                      "operator": "string",
                                                      "values": [
                                                        "list",
                                                        "string"
                                                      ]
                                                    }
                                                  ]
                                                ],
                                                "matchLabels": [
                                                  "map",
                                                  "string"
                                                ]
                                              }
                                            ],
                                            "namespaceSelector": [
                                              "object",
                                              {
                                                "matchExpressions": [
                                                  "list",
                                                  [
                                                    "object",
                                                    {
                                                      "key": "string",
                                                      "operator": "string",
                                                      "values": [
                                                        "list",
                                                        "string"
                                                      ]
                                                    }
                                                  ]
                                                ],
                                                "matchLabels": [
                                                  "map",
                                                  "string"
                                                ]
                                              }
                                            ],
                                            "namespaces": [
                                              "list",
                                              "string"
                                            ],
                                            "topologyKey": "string"
                                          }
                                        ],
                                        "weight": "number"
                                      }
                                    ]
                                  ],
                                  "requiredDuringSchedulingIgnoredDuringExecution": [
                                    "list",
                                    [
                                      "object",
                                      {
                                        "labelSelector": [
                                          "object",
                                          {
                                            "matchExpressions": [
                                              "list",
                                              [
                                                "object",
                                                {
                                                  "key": "string",
                                                  "operator": "string",
                                                  "values": [
                                                    "list",
                                                    "string"
                                                  ]
                                                }
                                              ]
                                            ],
                                            "matchLabels": [
                                              "map",
                                              "string"
                                            ]
                                          }
                                        ],
                                        "namespaceSelector": [
                                          "object",
                                          {
                                            "matchExpressions": [
                                              "list",
                                              [
                                                "object",
                                                {
                                                  "key": "string",
                                                  "operator": "string",
                                                  "values": [
                                                    "list",
                                                    "string"
                                                  ]
                                                }
                                              ]
                                            ],
                                            "matchLabels": [
                                              "map",
                                              "string"
                                            ]
                                          }
                                        ],
                                        "namespaces": [
                                          "list",
                                          "string"
                                        ],
                                        "topologyKey": "string"
                                      }
                                    ]
                                  ]
                                }
                              ]
                            }
                          ],
                          "command": [
                            "list",
                            "string"
                          ],
                          "configCopy": [
                            "object",
                            {
                              "containerSecurityContext": [
                                "object",
                                {
                                  "allowPrivilegeEscalation": "bool",
                                  "capabilities": [
                                    "object",
                                    {
                                      "add": [
                                        "list",
                                        "string"
                                      ],
                                      "drop": [
                                        "list",
                                        "string"
                                      ]
                                    }
                                  ],
                                  "privileged": "bool",
                                  "procMount": "string",
                                  "readOnlyRootFilesystem": "bool",
                                  "runAsGroup": "number",
                                  "runAsNonRoot": "bool",
                                  "runAsUser": "number",
                                  "seLinuxOptions": [
                                    "object",
                                    {
                                      "level": "string",
                                      "role": "string",
                                      "type": "string",
                                      "user": "string"
                                    }
                                  ],
                                  "seccompProfile": [
                                    "object",
                                    {
                                      "localhostProfile": "string",
                                      "type": "string"
                                    }
                                  ],
                                  "windowsOptions": [
                                    "object",
                                    {
                                      "gmsaCredentialSpec": "string",
                                      "gmsaCredentialSpecName": "string",
                                      "hostProcess": "bool",
                                      "runAsUserName": "string"
                                    }
                                  ]
                                }
                              ]
                            }
                          ],
                          "containerSecurityContext": [
                            "object",
                            {
                              "allowPrivilegeEscalation": "bool",
                              "capabilities": [
                                "object",
                                {
                                  "add": [
                                    "list",
                                    "string"
                                  ],
                                  "drop": [
                                    "list",
                                    "string"
                                  ]
                                }
                              ],
                              "privileged": "bool",
                              "procMount": "string",
                              "readOnlyRootFilesystem": "bool",
                              "runAsGroup": "number",
                              "runAsNonRoot": "bool",
                              "runAsUser": "number",
                              "seLinuxOptions": [
                                "object",
                                {
                                  "level": "string",
                                  "role": "string",
                                  "type": "string",
                                  "user": "string"
                                }
                              ],
                              "seccompProfile": [
                                "object",
                                {
                                  "localhostProfile": "string",
                                  "type": "string"
                                }
                              ],
                              "windowsOptions": [
                                "object",
                                {
                                  "gmsaCredentialSpec": "string",
                                  "gmsaCredentialSpecName": "string",
                                  "hostProcess": "bool",
                                  "runAsUserName": "string"
                                }
                              ]
                            }
                          ],
                          "customConfig": [
                            "list",
                            "string"
                          ],
                          "dnsPolicy": "string",
                          "exporter": [
                            "object",
                            {
                              "args": [
                                "list",
                                "string"
                              ],
                              "containerSecurityContext": [
                                "object",
                                {
                                  "allowPrivilegeEscalation": "bool",
                                  "capabilities": [
                                    "object",
                                    {
                                      "add": [
                                        "list",
                                        "string"
                                      ],
                                      "drop": [
                                        "list",
                                        "string"
                                      ]
                                    }
                                  ],
                                  "privileged": "bool",
                                  "procMount": "string",
                                  "readOnlyRootFilesystem": "bool",
                                  "runAsGroup": "number",
                                  "runAsNonRoot": "bool",
                                  "runAsUser": "number",
                                  "seLinuxOptions": [
                                    "object",
                                    {
                                      "level": "string",
                                      "role": "string",
                                      "type": "string",
                                      "user": "string"
                                    }
                                  ],
                                  "seccompProfile": [
                                    "object",
                                    {
                                      "localhostProfile": "string",
                                      "type": "string"
                                    }
                                  ],
                                  "windowsOptions": [
                                    "object",
                                    {
                                      "gmsaCredentialSpec": "string",
                                      "gmsaCredentialSpecName": "string",
                                      "hostProcess": "bool",
                                      "runAsUserName": "string"
                                    }
                                  ]
                                }
                              ],
                              "enabled": "bool",
                              "env": [
                                "list",
                                [
                                  "object",
                                  {
                                    "name": "string",
                                    "value": "string",
                                    "valueFrom": [
                                      "object",
                                      {
                                        "configMapKeyRef": [
                                          "object",
                                          {
                                            "key": "string",
                                            "name": "string",
                                            "optional": "bool"
                                          }
                                        ],
                                        "fieldRef": [
                                          "object",
                                          {
                                            "apiVersion": "string",
                                            "fieldPath": "string"
                                          }
                                        ],
                                        "resourceFieldRef": [
                                          "object",
                                          {
                                            "containerName": "string",
                                            "divisor": "string",
                                            "resource": "string"
                                          }
                                        ],
                                        "secretKeyRef": [
                                          "object",
                                          {
                                            "key": "string",
                                            "name": "string",
                                            "optional": "bool"
                                          }
                                        ]
                                      }
                                    ]
                                  }
                                ]
                              ],
                              "image": "string",
                              "imagePullPolicy": "string",
                              "resources": [
                                "object",
                                {
                                  "limits": [
                                    "map",
                                    "string"
                                  ],
                                  "requests": [
                                    "map",
                                    "string"
                                  ]
                                }
                              ]
                            }
                          ],
                          "extraContainers": [
                            "list",
                            [
                              "object",
                              {
                                "args": [
                                  "list",
                                  "string"
                                ],
                                "command": [
                                  "list",
                                  "string"
                                ],
                                "env": [
                                  "list",
                                  [
                                    "object",
                                    {
                                      "name": "string",
                                      "value": "string",
                                      "valueFrom": [
                                        "object",
                                        {
                                          "configMapKeyRef": [
                                            "object",
                                            {
                                              "key": "string",
                                              "name": "string",
                                              "optional": "bool"
                                            }
                                          ],
                                          "fieldRef": [
                                            "object",
                                            {
                                              "apiVersion": "string",
                                              "fieldPath": "string"
                                            }
                                          ],
                                          "resourceFieldRef": [
                                            "object",
                                            {
                                              "containerName": "string",
                                              "divisor": "string",
                                              "resource": "string"
                                            }
                                          ],
                                          "secretKeyRef": [
                                            "object",
                                            {
                                              "key": "string",
                                              "name": "string",
                                              "optional": "bool"
                                            }
                                          ]
                                        }
                                      ]
                                    }
                                  ]
                                ],
                                "envFrom": [
                                  "list",
                                  [
                                    "object",
                                    {
                                      "configMapRef": [
                                        "object",
                                        {
                                          "name": "string",
                                          "optional": "bool"
                                        }
                                      ],
                                      "prefix": "string",
                                      "secretRef": [
                                        "object",
                                        {
                                          "name": "string",
                                          "optional": "bool"
                                        }
                                      ]
                                    }
                                  ]
                                ],
                                "image": "string",
                                "imagePullPolicy": "string",
                                "lifecycle": [
                                  "object",
                                  {
                                    "postStart": [
                                      "object",
                                      {
                                        "exec": [
                                          "object",
                                          {
                                            "command": [
                                              "list",
                                              "string"
                                            ]
                                          }
                                        ],
                                        "httpGet": [
                                          "object",
                                          {
                                            "host": "string",
                                            "httpHeaders": [
                                              "list",
                                              [
                                                "object",
                                                {
                                                  "name": "string",
                                                  "value": "string"
                                                }
                                              ]
                                            ],
                                            "path": "string",
                                            "port": "string",
                                            "scheme": "string"
                                          }
                                        ],
                                        "tcpSocket": [
                                          "object",
                                          {
                                            "host": "string",
                                            "port": "string"
                                          }
                                        ]
                                      }
                                    ],
                                    "preStop": [
                                      "object",
                                      {
                                        "exec": [
                                          "object",
                                          {
                                            "command": [
                                              "list",
                                              "string"
                                            ]
                                          }
                                        ],
                                        "httpGet": [
                                          "object",
                                          {
                                            "host": "string",
                                            "httpHeaders": [
                                              "list",
                                              [
                                                "object",
                                                {
                                                  "name": "string",
                                                  "value": "string"
                                                }
                                              ]
                                            ],
                                            "path": "string",
                                            "port": "string",
                                            "scheme": "string"
                                          }
                                        ],
                                        "tcpSocket": [
                                          "object",
                                          {
                                            "host": "string",
                                            "port": "string"
                                          }
                                        ]
                                      }
                                    ]
                                  }
                                ],
                                "livenessProbe": [
                                  "object",
                                  {
                                    "exec": [
                                      "object",
                                      {
                                        "command": [
                                          "list",
                                          "string"
                                        ]
                                      }
                                    ],
                                    "failureThreshold": "number",
                                    "grpc": [
                                      "object",
                                      {
                                        "port": "number",
                                        "service": "string"
                                      }
                                    ],
                                    "httpGet": [
                                      "object",
                                      {
                                        "host": "string",
                                        "httpHeaders": [
                                          "list",
                                          [
                                            "object",
                                            {
                                              "name": "string",
                                              "value": "string"
                                            }
                                          ]
                                        ],
                                        "path": "string",
                                        "port": "string",
                                        "scheme": "string"
                                      }
                                    ],
                                    "initialDelaySeconds": "number",
                                    "periodSeconds": "number",
                                    "successThreshold": "number",
                                    "tcpSocket": [
                                      "object",
                                      {
                                        "host": "string",
                                        "port": "string"
                                      }
                                    ],
                                    "terminationGracePeriodSeconds": "number",
                                    "timeoutSeconds": "number"
                                  }
                                ],
                                "name": "string",
                                "ports": [
                                  "list",
                                  [
                                    "object",
                                    {
                                      "containerPort": "number",
                                      "hostIP": "string",
                                      "hostPort": "number",
                                      "name": "string",
                                      "protocol": "string"
                                    }
                                  ]
                                ],
                                "readinessProbe": [
                                  "object",
                                  {
                                    "exec": [
                                      "object",
                                      {
                                        "command": [
                                          "list",
                                          "string"
                                        ]
                                      }
                                    ],
                                    "failureThreshold": "number",
                                    "grpc": [
                                      "object",
                                      {
                                        "port": "number",
                                        "service": "string"
                                      }
                                    ],
                                    "httpGet": [
                                      "object",
                                      {
                                        "host": "string",
                                        "httpHeaders": [
                                          "list",
                                          [
                                            "object",
                                            {
                                              "name": "string",
                                              "value": "string"
                                            }
                                          ]
                                        ],
                                        "path": "string",
                                        "port": "string",
                                        "scheme": "string"
                                      }
                                    ],
                                    "initialDelaySeconds": "number",
                                    "periodSeconds": "number",
                                    "successThreshold": "number",
                                    "tcpSocket": [
                                      "object",
                                      {
                                        "host": "string",
                                        "port": "string"
                                      }
                                    ],
                                    "terminationGracePeriodSeconds": "number",
                                    "timeoutSeconds": "number"
                                  }
                                ],
                                "resources": [
                                  "object",
                                  {
                                    "limits": [
                                      "map",
                                      "string"
                                    ],
                                    "requests": [
                                      "map",
                                      "string"
                                    ]
                                  }
                                ],
                                "securityContext": [
                                  "object",
                                  {
                                    "allowPrivilegeEscalation": "bool",
                                    "capabilities": [
                                      "object",
                                      {
                                        "add": [
                                          "list",
                                          "string"
                                        ],
                                        "drop": [
                                          "list",
                                          "string"
                                        ]
                                      }
                                    ],
                                    "privileged": "bool",
                                    "procMount": "string",
                                    "readOnlyRootFilesystem": "bool",
                                    "runAsGroup": "number",
                                    "runAsNonRoot": "bool",
                                    "runAsUser": "number",
                                    "seLinuxOptions": [
                                      "object",
                                      {
                                        "level": "string",
                                        "role": "string",
                                        "type": "string",
                                        "user": "string"
                                      }
                                    ],
                                    "seccompProfile": [
                                      "object",
                                      {
                                        "localhostProfile": "string",
                                        "type": "string"
                                      }
                                    ],
                                    "windowsOptions": [
                                      "object",
                                      {
                                        "gmsaCredentialSpec": "string",
                                        "gmsaCredentialSpecName": "string",
                                        "hostProcess": "bool",
                                        "runAsUserName": "string"
                                      }
                                    ]
                                  }
                                ],
                                "startupProbe": [
                                  "object",
                                  {
                                    "exec": [
                                      "object",
                                      {
                                        "command": [
                                          "list",
                                          "string"
                                        ]
                                      }
                                    ],
                                    "failureThreshold": "number",
                                    "grpc": [
                                      "object",
                                      {
                                        "port": "number",
                                        "service": "string"
                                      }
                                    ],
                                    "httpGet": [
                                      "object",
                                      {
                                        "host": "string",
                                        "httpHeaders": [
                                          "list",
                                          [
                                            "object",
                                            {
                                              "name": "string",
                                              "value": "string"
                                            }
                                          ]
                                        ],
                                        "path": "string",
                                        "port": "string",
                                        "scheme": "string"
                                      }
                                    ],
                                    "initialDelaySeconds": "number",
                                    "periodSeconds": "number",
                                    "successThreshold": "number",
                                    "tcpSocket": [
                                      "object",
                                      {
                                        "host": "string",
                                        "port": "string"
                                      }
                                    ],
                                    "terminationGracePeriodSeconds": "number",
                                    "timeoutSeconds": "number"
                                  }
                                ],
                                "stdin": "bool",
                                "stdinOnce": "bool",
                                "terminationMessagePath": "string",
                                "terminationMessagePolicy": "string",
                                "tty": "bool",
                                "volumeDevices": [
                                  "list",
                                  [
                                    "object",
                                    {
                                      "devicePath": "string",
                                      "name": "string"
                                    }
                                  ]
                                ],
                                "volumeMounts": [
                                  "list",
                                  [
                                    "object",
                                    {
                                      "mountPath": "string",
                                      "mountPropagation": "string",
                                      "name": "string",
                                      "readOnly": "bool",
                                      "subPath": "string",
                                      "subPathExpr": "string"
                                    }
                                  ]
                                ],
                                "workingDir": "string"
                              }
                            ]
                          ],
                          "extraVolumeMounts": [
                            "list",
                            [
                              "object",
                              {
                                "mountPath": "string",
                                "mountPropagation": "string",
                                "name": "string",
                                "readOnly": "bool",
                                "subPath": "string",
                                "subPathExpr": "string"
                              }
                            ]
                          ],
                          "extraVolumes": [
                            "tuple",
                            [
                              [
                                "object",
                                {
                                  "awsElasticBlockStore": [
                                    "object",
                                    {
                                      "fsType": "string",
                                      "partition": "number",
                                      "readOnly": "bool",
                                      "volumeID": "string"
                                    }
                                  ],
                                  "azureDisk": [
                                    "object",
                                    {
                                      "cachingMode": "string",
                                      "diskName": "string",
                                      "diskURI": "string",
                                      "fsType": "string",
                                      "kind": "string",
                                      "readOnly": "bool"
                                    }
                                  ],
                                  "azureFile": [
                                    "object",
                                    {
                                      "readOnly": "bool",
                                      "secretName": "string",
                                      "shareName": "string"
                                    }
                                  ],
                                  "cephfs": [
                                    "object",
                                    {
                                      "monitors": [
                                        "list",
                                        "string"
                                      ],
                                      "path": "string",
                                      "readOnly": "bool",
                                      "secretFile": "string",
                                      "secretRef": [
                                        "object",
                                        {
                                          "name": "string"
                                        }
                                      ],
                                      "user": "string"
                                    }
                                  ],
                                  "cinder": [
                                    "object",
                                    {
                                      "fsType": "string",
                                      "readOnly": "bool",
                                      "secretRef": [
                                        "object",
                                        {
                                          "name": "string"
                                        }
                                      ],
                                      "volumeID": "string"
                                    }
                                  ],
                                  "configMap": [
                                    "object",
                                    {
                                      "defaultMode": "number",
                                      "items": [
                                        "list",
                                        [
                                          "object",
                                          {
                                            "key": "string",
                                            "mode": "number",
                                            "path": "string"
                                          }
                                        ]
                                      ],
                                      "name": "string",
                                      "optional": "bool"
                                    }
                                  ],
                                  "csi": [
                                    "object",
                                    {
                                      "driver": "string",
                                      "fsType": "string",
                                      "nodePublishSecretRef": [
                                        "object",
                                        {
                                          "name": "string"
                                        }
                                      ],
                                      "readOnly": "bool",
                                      "volumeAttributes": [
                                        "map",
                                        "string"
                                      ]
                                    }
                                  ],
                                  "downwardAPI": [
                                    "object",
                                    {
                                      "defaultMode": "number",
                                      "items": [
                                        "list",
                                        [
                                          "object",
                                          {
                                            "fieldRef": [
                                              "object",
                                              {
                                                "apiVersion": "string",
                                                "fieldPath": "string"
                                              }
                                            ],
                                            "mode": "number",
                                            "path": "string",
                                            "resourceFieldRef": [
                                              "object",
                                              {
                                                "containerName": "string",
                                                "divisor": "string",
                                                "resource": "string"
                                              }
                                            ]
                                          }
                                        ]
                                      ]
                                    }
                                  ],
                                  "emptyDir": [
                                    "object",
                                    {
                                      "medium": "string",
                                      "sizeLimit": "string"
                                    }
                                  ],
                                  "ephemeral": [
                                    "object",
                                    {
                                      "volumeClaimTemplate": [
                                        "object",
                                        {
                                          "metadata": "dynamic",
                                          "spec": [
                                            "object",
                                            {
                                              "accessModes": [
                                                "list",
                                                "string"
                                              ],
                                              "dataSource": [
                                                "object",
                                                {
                                                  "apiGroup": "string",
                                                  "kind": "string",
                                                  "name": "string"
                                                }
                                              ],
                                              "dataSourceRef": [
                                                "object",
                                                {
                                                  "apiGroup": "string",
                                                  "kind": "string",
                                                  "name": "string"
                                                }
                                              ],
                                              "resources": [
                                                "object",
                                                {
                                                  "limits": [
                                                    "map",
                                                    "string"
                                                  ],
                                                  "requests": [
                                                    "map",
                                                    "string"
                                                  ]
                                                }
                                              ],
                                              "selector": [
                                                "object",
                                                {
                                                  "matchExpressions": [
                                                    "list",
                                                    [
                                                      "object",
                                                      {
                                                        "key": "string",
                                                        "operator": "string",
                                                        "values": [
                                                          "list",
                                                          "string"
                                                        ]
                                                      }
                                                    ]
                                                  ],
                                                  "matchLabels": [
                                                    "map",
                                                    "string"
                                                  ]
                                                }
                                              ],
                                              "storageClassName": "string",
                                              "volumeMode": "string",
                                              "volumeName": "string"
                                            }
                                          ]
                                        }
                                      ]
                                    }
                                  ],
                                  "fc": [
                                    "object",
                                    {
                                      "fsType": "string",
                                      "lun": "number",
                                      "readOnly": "bool",
                                      "targetWWNs": [
                                        "list",
                                        "string"
                                      ],
                                      "wwids": [
                                        "list",
                                        "string"
                                      ]
                                    }
                                  ],
                                  "flexVolume": [
                                    "object",
                                    {
                                      "driver": "string",
                                      "fsType": "string",
                                      "options": [
                                        "map",
                                        "string"
                                      ],
                                      "readOnly": "bool",
                                      "secretRef": [
                                        "object",
                                        {
                                          "name": "string"
                                        }
                                      ]
                                    }
                                  ],
                                  "flocker": [
                                    "object",
                                    {
                                      "datasetName": "string",
                                      "datasetUUID": "string"
                                    }
                                  ],
                                  "gcePersistentDisk": [
                                    "object",
                                    {
                                      "fsType": "string",
                                      "partition": "number",
                                      "pdName": "string",
                                      "readOnly": "bool"
                                    }
                                  ],
                                  "gitRepo": [
                                    "object",
                                    {
                                      "directory": "string",
                                      "repository": "string",
                                      "revision": "string"
                                    }
                                  ],
                                  "glusterfs": [
                                    "object",
                                    {
                                      "endpoints": "string",
                                      "path": "string",
                                      "readOnly": "bool"
                                    }
                                  ],
                                  "hostPath": [
                                    "object",
                                    {
                                      "path": "string",
                                      "type": "string"
                                    }
                                  ],
                                  "iscsi": [
                                    "object",
                                    {
                                      "chapAuthDiscovery": "bool",
                                      "chapAuthSession": "bool",
                                      "fsType": "string",
                                      "initiatorName": "string",
                                      "iqn": "string",
                                      "iscsiInterface": "string",
                                      "lun": "number",
                                      "portals": [
                                        "list",
                                        "string"
                                      ],
                                      "readOnly": "bool",
                                      "secretRef": [
                                        "object",
                                        {
                                          "name": "string"
                                        }
                                      ],
                                      "targetPortal": "string"
                                    }
                                  ],
                                  "name": "string",
                                  "nfs": [
                                    "object",
                                    {
                                      "path": "string",
                                      "readOnly": "bool",
                                      "server": "string"
                                    }
                                  ],
                                  "persistentVolumeClaim": [
                                    "object",
                                    {
                                      "claimName": "string",
                                      "readOnly": "bool"
                                    }
                                  ],
                                  "photonPersistentDisk": [
                                    "object",
                                    {
                                      "fsType": "string",
                                      "pdID": "string"
                                    }
                                  ],
                                  "portworxVolume": [
                                    "object",
                                    {
                                      "fsType": "string",
                                      "readOnly": "bool",
                                      "volumeID": "string"
                                    }
                                  ],
                                  "projected": [
                                    "object",
                                    {
                                      "defaultMode": "number",
                                      "sources": [
                                        "list",
                                        [
                                          "object",
                                          {
                                            "configMap": [
                                              "object",
                                              {
                                                "items": [
                                                  "list",
                                                  [
                                                    "object",
                                                    {
                                                      "key": "string",
                                                      "mode": "number",
                                                      "path": "string"
                                                    }
                                                  ]
                                                ],
                                                "name": "string",
                                                "optional": "bool"
                                              }
                                            ],
                                            "downwardAPI": [
                                              "object",
                                              {
                                                "items": [
                                                  "list",
                                                  [
                                                    "object",
                                                    {
                                                      "fieldRef": [
                                                        "object",
                                                        {
                                                          "apiVersion": "string",
                                                          "fieldPath": "string"
                                                        }
                                                      ],
                                                      "mode": "number",
                                                      "path": "string",
                                                      "resourceFieldRef": [
                                                        "object",
                                                        {
                                                          "containerName": "string",
                                                          "divisor": "string",
                                                          "resource": "string"
                                                        }
                                                      ]
                                                    }
                                                  ]
                                                ]
                                              }
                                            ],
                                            "secret": [
                                              "object",
                                              {
                                                "items": [
                                                  "list",
                                                  [
                                                    "object",
                                                    {
                                                      "key": "string",
                                                      "mode": "number",
                                                      "path": "string"
                                                    }
                                                  ]
                                                ],
                                                "name": "string",
                                                "optional": "bool"
                                              }
                                            ],
                                            "serviceAccountToken": [
                                              "object",
                                              {
                                                "audience": "string",
                                                "expirationSeconds": "number",
                                                "path": "string"
                                              }
                                            ]
                                          }
                                        ]
                                      ]
                                    }
                                  ],
                                  "quobyte": [
                                    "object",
                                    {
                                      "group": "string",
                                      "readOnly": "bool",
                                      "registry": "string",
                                      "tenant": "string",
                                      "user": "string",
                                      "volume": "string"
                                    }
                                  ],
                                  "rbd": [
                                    "object",
                                    {
                                      "fsType": "string",
                                      "image": "string",
                                      "keyring": "string",
                                      "monitors": [
                                        "list",
                                        "string"
                                      ],
                                      "pool": "string",
                                      "readOnly": "bool",
                                      "secretRef": [
                                        "object",
                                        {
                                          "name": "string"
                                        }
                                      ],
                                      "user": "string"
                                    }
                                  ],
                                  "scaleIO": [
                                    "object",
                                    {
                                      "fsType": "string",
                                      "gateway": "string",
                                      "protectionDomain": "string",
                                      "readOnly": "bool",
                                      "secretRef": [
                                        "object",
                                        {
                                          "name": "string"
                                        }
                                      ],
                                      "sslEnabled": "bool",
                                      "storageMode": "string",
                                      "storagePool": "string",
                                      "system": "string",
                                      "volumeName": "string"
                                    }
                                  ],
                                  "secret": [
                                    "object",
                                    {
                                      "defaultMode": "number",
                                      "items": [
                                        "list",
                                        [
                                          "object",
                                          {
                                            "key": "string",
                                            "mode": "number",
                                            "path": "string"
                                          }
                                        ]
                                      ],
                                      "optional": "bool",
                                      "secretName": "string"
                                    }
                                  ],
                                  "storageos": [
                                    "object",
                                    {
                                      "fsType": "string",
                                      "readOnly": "bool",
                                      "secretRef": [
                                        "object",
                                        {
                                          "name": "string"
                                        }
                                      ],
                                      "volumeName": "string",
                                      "volumeNamespace": "string"
                                    }
                                  ],
                                  "vsphereVolume": [
                                    "object",
                                    {
                                      "fsType": "string",
                                      "storagePolicyID": "string",
                                      "storagePolicyName": "string",
                                      "volumePath": "string"
                                    }
                                  ]
                                }
                              ]
                            ]
                          ],
                          "hostNetwork": "bool",
                          "image": "string",
                          "imagePullPolicy": "string",
                          "imagePullSecrets": [
                            "list",
                            [
                              "object",
                              {
                                "name": "string"
                              }
                            ]
                          ],
                          "initContainers": [
                            "list",
                            [
                              "object",
                              {
                                "args": [
                                  "list",
                                  "string"
                                ],
                                "command": [
                                  "list",
                                  "string"
                                ],
                                "env": [
                                  "list",
                                  [
                                    "object",
                                    {
                                      "name": "string",
                                      "value": "string",
                                      "valueFrom": [
                                        "object",
                                        {
                                          "configMapKeyRef": [
                                            "object",
                                            {
                                              "key": "string",
                                              "name": "string",
                                              "optional": "bool"
                                            }
                                          ],
                                          "fieldRef": [
                                            "object",
                                            {
                                              "apiVersion": "string",
                                              "fieldPath": "string"
                                            }
                                          ],
                                          "resourceFieldRef": [
                                            "object",
                                            {
                                              "containerName": "string",
                                              "divisor": "string",
                                              "resource": "string"
                                            }
                                          ],
                                          "secretKeyRef": [
                                            "object",
                                            {
                                              "key": "string",
                                              "name": "string",
                                              "optional": "bool"
                                            }
                                          ]
                                        }
                                      ]
                                    }
                                  ]
                                ],
                                "envFrom": [
                                  "list",
                                  [
                                    "object",
                                    {
                                      "configMapRef": [
                                        "object",
                                        {
                                          "name": "string",
                                          "optional": "bool"
                                        }
                                      ],
                                      "prefix": "string",
                                      "secretRef": [
                                        "object",
                                        {
                                          "name": "string",
                                          "optional": "bool"
                                        }
                                      ]
                                    }
                                  ]
                                ],
                                "image": "string",
                                "imagePullPolicy": "string",
                                "lifecycle": [
                                  "object",
                                  {
                                    "postStart": [
                                      "object",
                                      {
                                        "exec": [
                                          "object",
                                          {
                                            "command": [
                                              "list",
                                              "string"
                                            ]
                                          }
                                        ],
                                        "httpGet": [
                                          "object",
                                          {
                                            "host": "string",
                                            "httpHeaders": [
                                              "list",
                                              [
                                                "object",
                                                {
                                                  "name": "string",
                                                  "value": "string"
                                                }
                                              ]
                                            ],
                                            "path": "string",
                                            "port": "string",
                                            "scheme": "string"
                                          }
                                        ],
                                        "tcpSocket": [
                                          "object",
                                          {
                                            "host": "string",
                                            "port": "string"
                                          }
                                        ]
                                      }
                                    ],
                                    "preStop": [
                                      "object",
                                      {
                                        "exec": [
                                          "object",
                                          {
                                            "command": [
                                              "list",
                                              "string"
                                            ]
                                          }
                                        ],
                                        "httpGet": [
                                          "object",
                                          {
                                            "host": "string",
                                            "httpHeaders": [
                                              "list",
                                              [
                                                "object",
                                                {
                                                  "name": "string",
                                                  "value": "string"
                                                }
                                              ]
                                            ],
                                            "path": "string",
                                            "port": "string",
                                            "scheme": "string"
                                          }
                                        ],
                                        "tcpSocket": [
                                          "object",
                                          {
                                            "host": "string",
                                            "port": "string"
                                          }
                                        ]
                                      }
                                    ]
                                  }
                                ],
                                "livenessProbe": [
                                  "object",
                                  {
                                    "exec": [
                                      "object",
                                      {
                                        "command": [
                                          "list",
                                          "string"
                                        ]
                                      }
                                    ],
                                    "failureThreshold": "number",
                                    "grpc": [
                                      "object",
                                      {
                                        "port": "number",
                                        "service": "string"
                                      }
                                    ],
                                    "httpGet": [
                                      "object",
                                      {
                                        "host": "string",
                                        "httpHeaders": [
                                          "list",
                                          [
                                            "object",
                                            {
                                              "name": "string",
                                              "value": "string"
                                            }
                                          ]
                                        ],
                                        "path": "string",
                                        "port": "string",
                                        "scheme": "string"
                                      }
                                    ],
                                    "initialDelaySeconds": "number",
                                    "periodSeconds": "number",
                                    "successThreshold": "number",
                                    "tcpSocket": [
                                      "object",
                                      {
                                        "host": "string",
                                        "port": "string"
                                      }
                                    ],
                                    "terminationGracePeriodSeconds": "number",
                                    "timeoutSeconds": "number"
                                  }
                                ],
                                "name": "string",
                                "ports": [
                                  "list",
                                  [
                                    "object",
                                    {
                                      "containerPort": "number",
                                      "hostIP": "string",
                                      "hostPort": "number",
                                      "name": "string",
                                      "protocol": "string"
                                    }
                                  ]
                                ],
                                "readinessProbe": [
                                  "object",
                                  {
                                    "exec": [
                                      "object",
                                      {
                                        "command": [
                                          "list",
                                          "string"
                                        ]
                                      }
                                    ],
                                    "failureThreshold": "number",
                                    "grpc": [
                                      "object",
                                      {
                                        "port": "number",
                                        "service": "string"
                                      }
                                    ],
                                    "httpGet": [
                                      "object",
                                      {
                                        "host": "string",
                                        "httpHeaders": [
                                          "list",
                                          [
                                            "object",
                                            {
                                              "name": "string",
                                              "value": "string"
                                            }
                                          ]
                                        ],
                                        "path": "string",
                                        "port": "string",
                                        "scheme": "string"
                                      }
                                    ],
                                    "initialDelaySeconds": "number",
                                    "periodSeconds": "number",
                                    "successThreshold": "number",
                                    "tcpSocket": [
                                      "object",
                                      {
                                        "host": "string",
                                        "port": "string"
                                      }
                                    ],
                                    "terminationGracePeriodSeconds": "number",
                                    "timeoutSeconds": "number"
                                  }
                                ],
                                "resources": [
                                  "object",
                                  {
                                    "limits": [
                                      "map",
                                      "string"
                                    ],
                                    "requests": [
                                      "map",
                                      "string"
                                    ]
                                  }
                                ],
                                "securityContext": [
                                  "object",
                                  {
                                    "allowPrivilegeEscalation": "bool",
                                    "capabilities": [
                                      "object",
                                      {
                                        "add": [
                                          "list",
                                          "string"
                                        ],
                                        "drop": [
                                          "list",
                                          "string"
                                        ]
                                      }
                                    ],
                                    "privileged": "bool",
                                    "procMount": "string",
                                    "readOnlyRootFilesystem": "bool",
                                    "runAsGroup": "number",
                                    "runAsNonRoot": "bool",
                                    "runAsUser": "number",
                                    "seLinuxOptions": [
                                      "object",
                                      {
                                        "level": "string",
                                        "role": "string",
                                        "type": "string",
                                        "user": "string"
                                      }
                                    ],
                                    "seccompProfile": [
                                      "object",
                                      {
                                        "localhostProfile": "string",
                                        "type": "string"
                                      }
                                    ],
                                    "windowsOptions": [
                                      "object",
                                      {
                                        "gmsaCredentialSpec": "string",
                                        "gmsaCredentialSpecName": "string",
                                        "hostProcess": "bool",
                                        "runAsUserName": "string"
                                      }
                                    ]
                                  }
                                ],
                                "startupProbe": [
                                  "object",
                                  {
                                    "exec": [
                                      "object",
                                      {
                                        "command": [
                                          "list",
                                          "string"
                                        ]
                                      }
                                    ],
                                    "failureThreshold": "number",
                                    "grpc": [
                                      "object",
                                      {
                                        "port": "number",
                                        "service": "string"
                                      }
                                    ],
                                    "httpGet": [
                                      "object",
                                      {
                                        "host": "string",
                                        "httpHeaders": [
                                          "list",
                                          [
                                            "object",
                                            {
                                              "name": "string",
                                              "value": "string"
                                            }
                                          ]
                                        ],
                                        "path": "string",
                                        "port": "string",
                                        "scheme": "string"
                                      }
                                    ],
                                    "initialDelaySeconds": "number",
                                    "periodSeconds": "number",
                                    "successThreshold": "number",
                                    "tcpSocket": [
                                      "object",
                                      {
                                        "host": "string",
                                        "port": "string"
                                      }
                                    ],
                                    "terminationGracePeriodSeconds": "number",
                                    "timeoutSeconds": "number"
                                  }
                                ],
                                "stdin": "bool",
                                "stdinOnce": "bool",
                                "terminationMessagePath": "string",
                                "terminationMessagePolicy": "string",
                                "tty": "bool",
                                "volumeDevices": [
                                  "list",
                                  [
                                    "object",
                                    {
                                      "devicePath": "string",
                                      "name": "string"
                                    }
                                  ]
                                ],
                                "volumeMounts": [
                                  "list",
                                  [
                                    "object",
                                    {
                                      "mountPath": "string",
                                      "mountPropagation": "string",
                                      "name": "string",
                                      "readOnly": "bool",
                                      "subPath": "string",
                                      "subPathExpr": "string"
                                    }
                                  ]
                                ],
                                "workingDir": "string"
                              }
                            ]
                          ],
                          "nodeSelector": [
                            "map",
                            "string"
                          ],
                          "podAnnotations": [
                            "map",
                            "string"
                          ],
                          "priorityClassName": "string",
                          "replicas": "number",
                          "resources": [
                            "object",
                            {
                              "limits": [
                                "map",
                                "string"
                              ],
                              "requests": [
                                "map",
                                "string"
                              ]
                            }
                          ],
                          "securityContext": [
                            "object",
                            {
                              "fsGroup": "number",
                              "fsGroupChangePolicy": "string",
                              "runAsGroup": "number",
                              "runAsNonRoot": "bool",
                              "runAsUser": "number",
                              "seLinuxOptions": [
                                "object",
                                {
                                  "level": "string",
                                  "role": "string",
                                  "type": "string",
                                  "user": "string"
                                }
                              ],
                              "seccompProfile": [
                                "object",
                                {
                                  "localhostProfile": "string",
                                  "type": "string"
                                }
                              ],
                              "supplementalGroups": [
                                "list",
                                "number"
                              ],
                              "sysctls": [
                                "list",
                                [
                                  "object",
                                  {
                                    "name": "string",
                                    "value": "string"
                                  }
                                ]
                              ],
                              "windowsOptions": [
                                "object",
                                {
                                  "gmsaCredentialSpec": "string",
                                  "gmsaCredentialSpecName": "string",
                                  "hostProcess": "bool",
                                  "runAsUserName": "string"
                                }
                              ]
                            }
                          ],
                          "serviceAccountName": "string",
                          "serviceAnnotations": [
                            "map",
                            "string"
                          ],
                          "tolerations": [
                            "list",
                            [
                              "object",
                              {
                                "effect": "string",
                                "key": "string",
                                "operator": "string",
                                "tolerationSeconds": "number",
                                "value": "string"
                              }
                            ]
                          ],
                          "topologySpreadConstraints": [
                            "list",
                            [
                              "object",
                              {
                                "labelSelector": [
                                  "object",
                                  {
                                    "matchExpressions": [
                                      "list",
                                      [
                                        "object",
                                        {
                                          "key": "string",
                                          "operator": "string",
                                          "values": [
                                            "list",
                                            "string"
                                          ]
                                        }
                                      ]
                                    ],
                                    "matchLabels": [
                                      "map",
                                      "string"
                                    ]
                                  }
                                ],
                                "maxSkew": "number",
                                "minDomains": "number",
                                "topologyKey": "string",
                                "whenUnsatisfiable": "string"
                              }
                            ]
                          ]
                        }
                      ]
                    }
                  ]
                }
              ]
            },
            "timeouts": [],
            "wait": [],
            "wait_for": null
          },
          "sensitive_attributes": [],
          "identity_schema_version": 1,
          "identity": {
            "api_version": "databases.spotahome.com/v1",
            "kind": "RedisFailover",
            "name": "my-redis",
            "namespace": "default"
          },
          "dependencies": [
            "helm_release.redis_operator",
            "local_file.kubeconfig",
            "stackit_ske_cluster.main",
            "stackit_ske_kubeconfig.current"
          ]
        }
      ]
    },
    {
      "mode": "managed",
      "type": "local_file",
      "name": "kubeconfig",
      "provider": "provider[\"registry.terraform.io/hashicorp/local\"]",
      "instances": [
        {
          "schema_version": 0,
          "attributes": {
            "content": "apiVersion: v1\nclusters:\n- cluster:\n    certificate-authority-data: LS0tLS1CRUdJTiBDRVJUSUZJQ0FURS0tLS0tCk1JSUQ1akNDQWs2Z0F3SUJBZ0lRVmRHcTViUlNIS3RrWFpONjBBTTBEVEFOQmdrcWhraUc5dzBCQVFzRkFEQU4KTVFzd0NRWURWUVFERXdKallUQWVGdzB5TmpBeU1ESXhOVFF5TVROYUZ3MHpOakF5TURJeE5UUXpNVE5hTUEweApDekFKQmdOVkJBTVRBbU5oTUlJQm9qQU5CZ2txaGtpRzl3MEJBUUVGQUFPQ0FZOEFNSUlCaWdLQ0FZRUE3MThkCkk3bUYyLytuL0d5ZFNRM3RIcFd0NFRwV1FMNmN4TUkwZE5rN1hIUkFJRStwUGpYMVZDbGZZNlJGdG54dTlJVEcKdVlNSElRMFdjV0xFcmRaQTJHZGtqQWJ6VnBybCs4cWFRS0pZTnZoc1Y2M3NYd012c0l4a01LY24yam4rdStWZApKMlZ4b2JpUDhGQ2ZINW1WVTJjZWhNLzJpOTBPR1Vhekc4YzUzbmoxV2VaOThyU0RXdUYyVytOMVc4WDFqK0IrClBEZE5KR2RScTRlRDNWbnZQN1M5VlpYUFFkWmpuR0ZEdGIvQzdOT3pzTFFEejYxUUlxUU1rUUx0Z3dnZkFjcmYKcm5ONDQ3ZGR5eS9xZnljakRXdmNYaGwweUliOGlsczU3OTdBNTRwSVd3SlUxdWEvN3Z1MisyOVhGUjNySS9lKwpnWFppeitqWVJLZVY4am1KT05RTVQ0Vm1HTklBTEJjVjlkS2trb24xZGpLT0lzcFR5cXc2R08wdVpEOWprUG92Ckh3Umd5aE4vOHdaaElhNWt6Y2hwb05GV2MxOWxtTk1PdGVYVE9wVHVHQlZ6NjluUkZlVDZldW5BbzZhTzcxTFMKNW5sSVRUR2pwNlZPSk5uQU5iNWsxQlY2U2pEbzRucTVPMHRtQWhsUzJSckFXWFV1VVNCMURldkdFTThQQWdNQgpBQUdqUWpCQU1BNEdBMVVkRHdFQi93UUVBd0lCcGpBUEJnTlZIUk1CQWY4RUJUQURBUUgvTUIwR0ExVWREZ1FXCkJCUmV6UUFTaHY5TVBvRW1OeDBQbGFDTkNnOWhvakFOQmdrcWhraUc5dzBCQVFzRkFBT0NBWUVBUCtiemhJRmUKbXQ2TE9FdWtEdU5wT0p1c2hENFgvS0dtTUFFN0I2Q1RnSldlajI2ZlpwRzZObEtHcWNQRjZ2ZStXbTR5K1Vwcgp5blRFOEwySC9KbXpxRUpWYUt2TzlGdUNNbmovbWwvdmtBWUJjdkRvMEhvWTk3V3U5UHhydnJ2bDVWdmd1M3BHClFOS1l6T1lVYzEyVDEwcmtVc2pXb3ZjTkYyU3dwU2RycVRGaVNnTjk5U21MdXp4T2pJWkVQRTZOckpYYkVqMnkKS2pnb1FhdVBWanVENit1T1JKcnJpU3JiWE5YMjY4ZEJzQ3BiczRsVWJ2aEg4KzFiRXg4WGlEa29HdTRpU0lOdAo1QzJJYTI3UFh2bzhxalJxRitTaGNHRGVaL3dQU01qYWd2RzBjS3Y2Wkl2T1VPTEpuNlRraFdQYms2b3Jud29RCno1Rm5vcXNDSTB0S01EVUtjK1NGa0NpdWJ2V0IrNGJPS1FFb1d5OUF1VnlYYnIySmp6OFAvMFpGamw5OWx3RkEKeGJnSmFYMVFvR25FemtBYUpjTTlBWG01N20wakZwRTJqQStoYXJhL1crMWZ2bmRIMzZROGFRTVBpUUMyTUN6cgpxRktxNit3UzQ1NGdWdHFHR3R2LzVuTmFlYmdIZWpZM2VWb0lGV1FmVzhsclBCeElyS1VOcEJPdgotLS0tLUVORCBDRVJUSUZJQ0FURS0tLS0tCg==\n    server: https://api.ryancluster.09a034ff92.s.ske.eu01.onstackit.cloud\n  name: ryancluster\ncontexts:\n- context:\n    cluster: ryancluster\n    user: ryancluster\n  name: ryancluster\ncurrent-context: ryancluster\nkind: Config\nusers:\n- name: ryancluster\n  user:\n    client-certificate-data: LS0tLS1CRUdJTiBDRVJUSUZJQ0FURS0tLS0tCk1JSUVUekNDQXJlZ0F3SUJBZ0lSQU0wbEFEZmpBdkpmaFhrWSswaG8veXN3RFFZSktvWklodmNOQVFFTEJRQXcKSFRFYk1Ca0dBMVVFQXhNU1kyRXRZMnhwWlc1MExUVTRaamhsT1dGak1CNFhEVEkyTURJd05URXhNVFV5TWxvWApEVEkyTURJd05URXlNVFl5TWxvd1VURW1NQ1FHQTFVRUNoTWRaMkZ5WkdWdVpYSXVZMnh2ZFdRNmNISnZhbVZqCmREcGhaRzFwYm5NeEp6QWxCZ05WQkFNTUhuSjVZVzR0ZHpGek5EbDZhVGhBYzJFdWMzUmhZMnRwZEM1amJHOTEKWkRDQ0FhSXdEUVlKS29aSWh2Y05BUUVCQlFBRGdnR1BBRENDQVlvQ2dnR0JBSjZUdnBkSXpGQ0w3Ky91T0I0dgoxa0E0bXdycGZyR3dONUl0UkZURFhiOVJsVm51UmljT0pKMUh0aGY2YmhEejNVME11WE90S2RUc3Rka0ZuZXNnCnc4T0g3YUJMRTlpZmdHeUwxUFNtakhaYVdBcVRVd1g0Qzk5UGNMZ09ZUnhQWDNOYlBmajBOS3NCQ2RFUnoyTlcKOTNONXRiRXFuTlNMS1Vwa21wOC9qQW00VFgrK1N6amd3REZtbEpyTHNNaFUzZnBRSkFzYmdGSWFhL0RmbHhCUQpJempBdXpaZzNVb1h5MzFZc2E0cU5VUE9CSmVMMFZsZjBIbkFGeFZyakpaTDAwRGxPNXVWRzY0cVBQREtZcG91CmZxSUVPbTd6RnFlYVFaakh3YURDOEpKNGtJdEQzekZsSDFaRmpHbHhJaEYzOXNEK2xxT3h0UWVJTlpjMGJMaloKMlhpUHdtYWVOVG9RT05Lb2p1dld1QzFEWURrQmF1RS8zdEFDekhXTE4xUUFna1RtMTMwOENEMnpucDIya0FhRwpkTDNqV2t1VE5MYUFkVm83aHZCVnl6SEdvTlpsN1FLWkllb2dVcEJVUlFNUmlFYlhUMFVLYUJTYWZpak1hcElnCkJjTEdpZnF0cjBaaWNLL3FQTlpuQlpianlzcUF4TTJmRkJVbUN2c0pNRFNqMndJREFRQUJvMVl3VkRBT0JnTlYKSFE4QkFmOEVCQU1DQmFBd0V3WURWUjBsQkF3d0NnWUlLd1lCQlFVSEF3SXdEQVlEVlIwVEFRSC9CQUl3QURBZgpCZ05WSFNNRUdEQVdnQlRLNWdBazRkYlVmZnFJUVZIb0ozWXorQkQwbnpBTkJna3Foa2lHOXcwQkFRc0ZBQU9DCkFZRUFpK1I3aUFPSXU4amZkdjBWU0t3SExwdUpPNTBDdUFQcFFhUm8vNkxHeUNVTGkyTkthYmhDMHl5S2kvdG4KT0szNEEza1FFM3BLRXZ0dGZicE9YWXRZbjJpTnVhZzE4QXM0WU1uaXJybzZtWEF1bUZRQ2l3Tm9nTjg1dk9WbQplcmRwNlUxWEFobCtTb0JSNk9PTEpxMzBpeTVIZUJiZ0Y5UkdFQnVwSUFrZEJ3SVEwREo4aU93ellOS2wxYzFECm1QalRnOUpqeklpUGwrMkNMY2UrUHNybDdsTmFkVCtYdTJYOEcyYVd4b2phRHphNzRPVkZHdHBRN1VNUjVzR08KRHpDQ0k2WllDSit5MW5pbFk5dW9TRDJIZUZpa1FFMmxxUms4TVZ6SFZZUFovMWFVdkgrVXQrbE9XemwwbkVoaQpuYjk2dkxQK3Z0WmtnaWRUWDNwVlEyTXo3SEhNU3A0azdKclZvNUk2RkxpV3N4NEZnQWtOcHlQTWtLK0NpNHB1CnoxbUxya293Q2VaN0lwdzlhM0xqL3BnWFkrV1hURnBxZHBkRzZJZlJ2YWFIOEU1M3RLWTlzcGxZZEZxQnFYWXMKU2kxemdOZkJoZUh1UWp6a0RPMkNYdHVaUjZuM01UWFNhNEJSYzFYMTlBZ0tIem9IY0puYmlSRXQ3akpKc0d3YQo5NTdBCi0tLS0tRU5EIENFUlRJRklDQVRFLS0tLS0K\n    client-key-data: LS0tLS1CRUdJTiBSU0EgUFJJVkFURSBLRVktLS0tLQpNSUlHNGdJQkFBS0NBWUVBbnBPK2wwak1VSXZ2Nys0NEhpL1dRRGliQ3VsK3NiQTNraTFFVk1OZHYxR1ZXZTVHCkp3NGtuVWUyRi9wdUVQUGRUUXk1YzYwcDFPeTEyUVdkNnlERHc0ZnRvRXNUMkorQWJJdlU5S2FNZGxwWUNwTlQKQmZnTDMwOXd1QTVoSEU5ZmMxczkrUFEwcXdFSjBSSFBZMWIzYzNtMXNTcWMxSXNwU21TYW56K01DYmhOZjc1TApPT0RBTVdhVW1zdXd5RlRkK2xBa0N4dUFVaHByOE4rWEVGQWpPTUM3Tm1EZFNoZkxmVml4cmlvMVE4NEVsNHZSCldWL1FlY0FYRld1TWxrdlRRT1U3bTVVYnJpbzg4TXBpbWk1K29nUTZidk1XcDVwQm1NZkJvTUx3a25pUWkwUGYKTVdVZlZrV01hWEVpRVhmMndQNldvN0cxQjRnMWx6UnN1Tm5aZUkvQ1pwNDFPaEE0MHFpTzY5YTRMVU5nT1FGcQo0VC9lMEFMTWRZczNWQUNDUk9iWGZUd0lQYk9lbmJhUUJvWjB2ZU5hUzVNMHRvQjFXanVHOEZYTE1jYWcxbVh0CkFwa2g2aUJTa0ZSRkF4R0lSdGRQUlFwb0ZKcCtLTXhxa2lBRndzYUorcTJ2Um1Kd3IrbzgxbWNGbHVQS3lvREUKelo4VUZTWUsrd2t3TktQYkFnTUJBQUVDZ2dHQURrSENDR0x1UEdEVG5xd2dGYTkvSVRSaWJucWZDeEp2UGpCRAo0Q1VJem81SmVCV3R1L1FwZGxybVFOOEh1blNuSWVueDJnU29uUXFRU2FXWHV5bEhRR3lYbWgxcEVoSFVPUlI2CmZnTXdlWDVXZHA5WG1KK3ZVTVN5dXlTMWFXUGZkT3Q5QWw4RXEvMHBBbnNKNytoZUJGN2VBS2oybk5nWUdDYWkKd0l4T3dFNzJnWTRpODJEYVNkMGViaXNtTFM1QnVNbVdWWmFEcm1yT3RDbUt5bkZlemhlNE5zT28zbGRiSDBQQgpCUEIyVW51U3VyZENicCtCOFJIZHg5UHMwMVJrdVJkRFgxYVhVRjZ1YW5oU0Q2Y1YrSy9HM3BlSnkrME9ieFRDClRpd0M1a25TR1hBcFVFVlU1TXUrMVpaQnJjUnZ2WjNscjZBZlN3L3J4WlJMeTJDK25YSW9WUVY0TUp1RGUvSDAKRTJQS3lkZGczZWVBKzd6MlBkN2p4V0U3bGlVTTN1L3lMOVlSSllyOGJhbzd2L0poT0t3eWtpcXpQc0lQN2puVwp1clhlY1dsVjJkVlVGWUU3OHpzUk1SdWFUekUwUEo3UjZFV2FuNnhsOVh6akVwd3h4R0hubUhnS1NSODY1andIClpRUXJJZ3E0TFRSN0JTamZ6dkM4Y05PczhyZnhBb0hCQU1vTiszSTNYdU1PTXNQbGhnNE9td1pnbW5ZZENEaU0KR1dncWdoTUhablJ5dXpDOXo0VWw0aFVJVDhPRytudHBrOVgrM3VKbExrQjdrWGZMS2ZnRGZJUmVGL0RsTW5MQQpnZWRjc29jNFlhYzZRdUE3UnZsTExzeXkyeGdFWkYrWmR4SExwckJQSTNhUk5SQlR3ZmxKdk9CSndRVGw1Z0l5ClhlSEJzS2RPNG1MR2J0ZnFTV0ZYUXI1UjJuZ2ZsWC9BZ1dzaEM4Q2xQSC9scGNSRzBzT2d2NXlXWm15elpJVkUKOE51NnFMSjhmNDJpUjNoeDR6cXNGUWJHd3JVQW5LMWxDd0tCd1FESTZpcEcyZ0EzdSszVS9pUitlL1JSdTJTUwpQZlo1U2hMVEs4SWdhSEV0bWpSYzk1Zk1ZMDE3UWdwN1RBSjlQTyt0c2tzWE14cXZGVFVqbkJIck9UbVp4RkVlClh0TkpXditUSGZHejBTSk5UWG15UGs4dHNCbjFvUTcycEVDNklPSWJaNU5WS0puRTBCalMzR2t2QldTV0tGbUEKRTlCVlVIa2Uya3NuWnhSSnNjeWhtS3VlV1kvRFFiK3RIWXBENC9teVlKNHB3T09ncThvUWFjZC81ODU3T0tzdQozQm9hV1JyUE50UXhtRnRlcU0wVjQ0dUdBOVYwTys4UU9nNVRYbkVDZ2NBbkVZME5DS2ZRUDI2UmNrLzVaOW1SCjRodjd1cUZjVGJxYjZadzlFYkU5MHZGZSsxU2s2aTVNNHM2SmdBL3V6UHRJNVg4elIxMHFHcnFGNzBLdU1mNWgKbWRBSFJFbjg1anc0QURTRThPSHc4OUw2aUh1d3VGalVPOEVoWTdnRXhDZkJ5Ujd4K0Z0akViQ3c5NEVLTXJmUwpwbkFzQWtmM0pNWUNZUEZIYUhsZG9BRE92djV4VSs0VDNyL2ZlanZ0OThzT2E5Vlo2cGxJSVo5cjFFWHNqYWgvCkhwV3Zid0NBeEZQT0tNbDF1Wnp3UmZDTDJYbVdYcSt5SDd5R1F4Z0lid0VDZ2NCc2I0MnZ2YnIrV2F4c0YxcEUKOWN1UVRTNWppNU82TkpOaWE2eVRaeXNtYktLMFJtRWtTN2dtdlNjQkVxNEpQOWt3Q3hsaUJRL3l6T1JvT3JTbApHcmFPMmhqWjVsM3Nxbk5qeUhhS0VXYU5DREtWVS9IUis4aVcvSDBoK3RhQVhuMEtRMldPUWFKMFNjZ01EaStxCjFDTk1zNnhTWnQ4N0hIcXlmeWl1dElDTG9hMkt6ZVphU1laQTRQeDloNEwzVDFTVnhIVzRuVVY5a3hvMHI1S2YKNHRGYlNlT0NJQUxxazRyWHFZVHUyNGI4Mk9nUFYwY1habnhQQm9YcFlSd1lQTkVDZ2NBMmpNUkFnNWNRdkFNWgpCK0Y4QSsyYzNVNC9zNU9CR1dpT1dGbGF6Z1VRaGJ6MHVLb0dpUnBBSU44T0V1eVpMUExpZ2owQTJnekhZNUlRCmxrMHg4MGs2Qm93eWFFNDNIQm5odE50S20wU2E4dFZxRTdMZHc4UGdMNlNnRm5LSEkrNFlvaHFTTjhiaTFuS0MKNDVLL1Rla0x6cm16UkU4b0l6VFRuUmFLb1Z4cHo2Y2IrczZROHlJWGJYOVlnR1VPcU9vaXlGSk51TDdsclNpTQpxMTFSS0xEWk9jYkF2bDZ3SHBSWlJQYnJWb2d4VlRGd3N0ZnY5VU9ORVZDcUN4dDV0VFk9Ci0tLS0tRU5EIFJTQSBQUklWQVRFIEtFWS0tLS0tCg==\n",
            "content_base64": null,
            "content_base64sha256": "6XVUZvjLFJsKycjKlpSKK5cyxUTBZcAm9G4PMqBi6xk=",
            "content_base64sha512": "LhRgsoguLsZ4kcdA5WA1mpom1jvlgwHPAf55jCQR88f5wTMZUsYKZ9F4jbRFuhSmi9OJSAQfITSIlxgwFDIxJA==",
            "content_md5": "96a2f015a7dd8b28b7624d62f30ec473",
            "content_sha1": "3bce6505e09dcafd31caf4c09c8566657f6ef698",
            "content_sha256": "e9755466f8cb149b0ac9c8ca96948a2b9732c544c165c026f46e0f32a062eb19",
            "content_sha512": "2e1460b2882e2ec67891c740e560359a9a26d63be58301cf01fe798c2411f3c7f9c1331952c60a67d1788db445ba14a68bd38948041f21348897183014323124",
            "directory_permission": "0777",
            "file_permission": "0777",
            "filename": "./kubeconfig.yaml",
            "id": "3bce6505e09dcafd31caf4c09c8566657f6ef698",
            "sensitive_content": null,
            "source": null
          },
          "sensitive_attributes": [
            [
              {
                "type": "get_attr",
                "value": "content"
              }
            ],
            [
              {
                "type": "get_attr",
                "value": "sensitive_content"
              }
            ]
          ],
          "identity_schema_version": 0,
          "dependencies": [
            "stackit_ske_cluster.main",
            "stackit_ske_kubeconfig.current"
          ]
        }
      ]
    },
    {
      "mode": "managed",
      "type": "stackit_ske_cluster",
      "name": "main",
      "provider": "provider[\"registry.terraform.io/stackitcloud/stackit\"]",
      "instances": [
        {
          "schema_version": 0,
          "attributes": {
            "egress_address_ranges": [
              "188.34.74.230/32"
            ],
            "extensions": null,
            "hibernations": null,
            "id": "0436357b-2727-4182-a344-a750ec30744d,eu01,ryancluster",
            "kubernetes_version_min": "1.34.3",
            "kubernetes_version_used": "1.34.3",
            "maintenance": {
              "enable_kubernetes_version_updates": true,
              "enable_machine_image_version_updates": true,
              "end": "04:00:00Z",
              "start": "03:00:00Z"
            },
            "name": "ryancluster",
            "network": null,
            "node_pools": [
              {
                "allow_system_components": true,
                "availability_zones": [
                  "eu01-1",
                  "eu01-2"
                ],
                "cri": "containerd",
                "labels": {},
                "machine_type": "g2i.2",
                "max_surge": 2,
                "max_unavailable": 0,
                "maximum": 2,
                "minimum": 2,
                "name": "pool0",
                "os_name": "ubuntu",
                "os_version": null,
                "os_version_min": "2204.20250728.0",
                "os_version_used": "2204.20250728.0",
                "taints": null,
                "volume_size": 50,
                "volume_type": "storage_premium_perf1"
              }
            ],
            "pod_address_ranges": [
              "100.64.0.0/13"
            ],
            "project_id": "0436357b-2727-4182-a344-a750ec30744d",
            "region": "eu01"
          },
          "sensitive_attributes": [],
          "identity_schema_version": 0
        }
      ]
    },
    {
      "mode": "managed",
      "type": "stackit_ske_kubeconfig",
      "name": "current",
      "provider": "provider[\"registry.terraform.io/stackitcloud/stackit\"]",
      "instances": [
        {
          "schema_version": 0,
          "attributes": {
            "cluster_name": "ryancluster",
            "creation_time": "2026-02-05T12:16:22+01:00",
            "expiration": 3600,
            "expires_at": "2026-02-05T12:16:22Z",
            "id": "0436357b-2727-4182-a344-a750ec30744d,ryancluster,7c898495-178d-421f-8cb1-6d0991254d2e",
            "kube_config": "apiVersion: v1\nclusters:\n- cluster:\n    certificate-authority-data: LS0tLS1CRUdJTiBDRVJUSUZJQ0FURS0tLS0tCk1JSUQ1akNDQWs2Z0F3SUJBZ0lRVmRHcTViUlNIS3RrWFpONjBBTTBEVEFOQmdrcWhraUc5dzBCQVFzRkFEQU4KTVFzd0NRWURWUVFERXdKallUQWVGdzB5TmpBeU1ESXhOVFF5TVROYUZ3MHpOakF5TURJeE5UUXpNVE5hTUEweApDekFKQmdOVkJBTVRBbU5oTUlJQm9qQU5CZ2txaGtpRzl3MEJBUUVGQUFPQ0FZOEFNSUlCaWdLQ0FZRUE3MThkCkk3bUYyLytuL0d5ZFNRM3RIcFd0NFRwV1FMNmN4TUkwZE5rN1hIUkFJRStwUGpYMVZDbGZZNlJGdG54dTlJVEcKdVlNSElRMFdjV0xFcmRaQTJHZGtqQWJ6VnBybCs4cWFRS0pZTnZoc1Y2M3NYd012c0l4a01LY24yam4rdStWZApKMlZ4b2JpUDhGQ2ZINW1WVTJjZWhNLzJpOTBPR1Vhekc4YzUzbmoxV2VaOThyU0RXdUYyVytOMVc4WDFqK0IrClBEZE5KR2RScTRlRDNWbnZQN1M5VlpYUFFkWmpuR0ZEdGIvQzdOT3pzTFFEejYxUUlxUU1rUUx0Z3dnZkFjcmYKcm5ONDQ3ZGR5eS9xZnljakRXdmNYaGwweUliOGlsczU3OTdBNTRwSVd3SlUxdWEvN3Z1MisyOVhGUjNySS9lKwpnWFppeitqWVJLZVY4am1KT05RTVQ0Vm1HTklBTEJjVjlkS2trb24xZGpLT0lzcFR5cXc2R08wdVpEOWprUG92Ckh3Umd5aE4vOHdaaElhNWt6Y2hwb05GV2MxOWxtTk1PdGVYVE9wVHVHQlZ6NjluUkZlVDZldW5BbzZhTzcxTFMKNW5sSVRUR2pwNlZPSk5uQU5iNWsxQlY2U2pEbzRucTVPMHRtQWhsUzJSckFXWFV1VVNCMURldkdFTThQQWdNQgpBQUdqUWpCQU1BNEdBMVVkRHdFQi93UUVBd0lCcGpBUEJnTlZIUk1CQWY4RUJUQURBUUgvTUIwR0ExVWREZ1FXCkJCUmV6UUFTaHY5TVBvRW1OeDBQbGFDTkNnOWhvakFOQmdrcWhraUc5dzBCQVFzRkFBT0NBWUVBUCtiemhJRmUKbXQ2TE9FdWtEdU5wT0p1c2hENFgvS0dtTUFFN0I2Q1RnSldlajI2ZlpwRzZObEtHcWNQRjZ2ZStXbTR5K1Vwcgp5blRFOEwySC9KbXpxRUpWYUt2TzlGdUNNbmovbWwvdmtBWUJjdkRvMEhvWTk3V3U5UHhydnJ2bDVWdmd1M3BHClFOS1l6T1lVYzEyVDEwcmtVc2pXb3ZjTkYyU3dwU2RycVRGaVNnTjk5U21MdXp4T2pJWkVQRTZOckpYYkVqMnkKS2pnb1FhdVBWanVENit1T1JKcnJpU3JiWE5YMjY4ZEJzQ3BiczRsVWJ2aEg4KzFiRXg4WGlEa29HdTRpU0lOdAo1QzJJYTI3UFh2bzhxalJxRitTaGNHRGVaL3dQU01qYWd2RzBjS3Y2Wkl2T1VPTEpuNlRraFdQYms2b3Jud29RCno1Rm5vcXNDSTB0S01EVUtjK1NGa0NpdWJ2V0IrNGJPS1FFb1d5OUF1VnlYYnIySmp6OFAvMFpGamw5OWx3RkEKeGJnSmFYMVFvR25FemtBYUpjTTlBWG01N20wakZwRTJqQStoYXJhL1crMWZ2bmRIMzZROGFRTVBpUUMyTUN6cgpxRktxNit3UzQ1NGdWdHFHR3R2LzVuTmFlYmdIZWpZM2VWb0lGV1FmVzhsclBCeElyS1VOcEJPdgotLS0tLUVORCBDRVJUSUZJQ0FURS0tLS0tCg==\n    server: https://api.ryancluster.09a034ff92.s.ske.eu01.onstackit.cloud\n  name: ryancluster\ncontexts:\n- context:\n    cluster: ryancluster\n    user: ryancluster\n  name: ryancluster\ncurrent-context: ryancluster\nkind: Config\nusers:\n- name: ryancluster\n  user:\n    client-certificate-data: LS0tLS1CRUdJTiBDRVJUSUZJQ0FURS0tLS0tCk1JSUVUekNDQXJlZ0F3SUJBZ0lSQU0wbEFEZmpBdkpmaFhrWSswaG8veXN3RFFZSktvWklodmNOQVFFTEJRQXcKSFRFYk1Ca0dBMVVFQXhNU1kyRXRZMnhwWlc1MExUVTRaamhsT1dGak1CNFhEVEkyTURJd05URXhNVFV5TWxvWApEVEkyTURJd05URXlNVFl5TWxvd1VURW1NQ1FHQTFVRUNoTWRaMkZ5WkdWdVpYSXVZMnh2ZFdRNmNISnZhbVZqCmREcGhaRzFwYm5NeEp6QWxCZ05WQkFNTUhuSjVZVzR0ZHpGek5EbDZhVGhBYzJFdWMzUmhZMnRwZEM1amJHOTEKWkRDQ0FhSXdEUVlKS29aSWh2Y05BUUVCQlFBRGdnR1BBRENDQVlvQ2dnR0JBSjZUdnBkSXpGQ0w3Ky91T0I0dgoxa0E0bXdycGZyR3dONUl0UkZURFhiOVJsVm51UmljT0pKMUh0aGY2YmhEejNVME11WE90S2RUc3Rka0ZuZXNnCnc4T0g3YUJMRTlpZmdHeUwxUFNtakhaYVdBcVRVd1g0Qzk5UGNMZ09ZUnhQWDNOYlBmajBOS3NCQ2RFUnoyTlcKOTNONXRiRXFuTlNMS1Vwa21wOC9qQW00VFgrK1N6amd3REZtbEpyTHNNaFUzZnBRSkFzYmdGSWFhL0RmbHhCUQpJempBdXpaZzNVb1h5MzFZc2E0cU5VUE9CSmVMMFZsZjBIbkFGeFZyakpaTDAwRGxPNXVWRzY0cVBQREtZcG91CmZxSUVPbTd6RnFlYVFaakh3YURDOEpKNGtJdEQzekZsSDFaRmpHbHhJaEYzOXNEK2xxT3h0UWVJTlpjMGJMaloKMlhpUHdtYWVOVG9RT05Lb2p1dld1QzFEWURrQmF1RS8zdEFDekhXTE4xUUFna1RtMTMwOENEMnpucDIya0FhRwpkTDNqV2t1VE5MYUFkVm83aHZCVnl6SEdvTlpsN1FLWkllb2dVcEJVUlFNUmlFYlhUMFVLYUJTYWZpak1hcElnCkJjTEdpZnF0cjBaaWNLL3FQTlpuQlpianlzcUF4TTJmRkJVbUN2c0pNRFNqMndJREFRQUJvMVl3VkRBT0JnTlYKSFE4QkFmOEVCQU1DQmFBd0V3WURWUjBsQkF3d0NnWUlLd1lCQlFVSEF3SXdEQVlEVlIwVEFRSC9CQUl3QURBZgpCZ05WSFNNRUdEQVdnQlRLNWdBazRkYlVmZnFJUVZIb0ozWXorQkQwbnpBTkJna3Foa2lHOXcwQkFRc0ZBQU9DCkFZRUFpK1I3aUFPSXU4amZkdjBWU0t3SExwdUpPNTBDdUFQcFFhUm8vNkxHeUNVTGkyTkthYmhDMHl5S2kvdG4KT0szNEEza1FFM3BLRXZ0dGZicE9YWXRZbjJpTnVhZzE4QXM0WU1uaXJybzZtWEF1bUZRQ2l3Tm9nTjg1dk9WbQplcmRwNlUxWEFobCtTb0JSNk9PTEpxMzBpeTVIZUJiZ0Y5UkdFQnVwSUFrZEJ3SVEwREo4aU93ellOS2wxYzFECm1QalRnOUpqeklpUGwrMkNMY2UrUHNybDdsTmFkVCtYdTJYOEcyYVd4b2phRHphNzRPVkZHdHBRN1VNUjVzR08KRHpDQ0k2WllDSit5MW5pbFk5dW9TRDJIZUZpa1FFMmxxUms4TVZ6SFZZUFovMWFVdkgrVXQrbE9XemwwbkVoaQpuYjk2dkxQK3Z0WmtnaWRUWDNwVlEyTXo3SEhNU3A0azdKclZvNUk2RkxpV3N4NEZnQWtOcHlQTWtLK0NpNHB1CnoxbUxya293Q2VaN0lwdzlhM0xqL3BnWFkrV1hURnBxZHBkRzZJZlJ2YWFIOEU1M3RLWTlzcGxZZEZxQnFYWXMKU2kxemdOZkJoZUh1UWp6a0RPMkNYdHVaUjZuM01UWFNhNEJSYzFYMTlBZ0tIem9IY0puYmlSRXQ3akpKc0d3YQo5NTdBCi0tLS0tRU5EIENFUlRJRklDQVRFLS0tLS0K\n    client-key-data: LS0tLS1CRUdJTiBSU0EgUFJJVkFURSBLRVktLS0tLQpNSUlHNGdJQkFBS0NBWUVBbnBPK2wwak1VSXZ2Nys0NEhpL1dRRGliQ3VsK3NiQTNraTFFVk1OZHYxR1ZXZTVHCkp3NGtuVWUyRi9wdUVQUGRUUXk1YzYwcDFPeTEyUVdkNnlERHc0ZnRvRXNUMkorQWJJdlU5S2FNZGxwWUNwTlQKQmZnTDMwOXd1QTVoSEU5ZmMxczkrUFEwcXdFSjBSSFBZMWIzYzNtMXNTcWMxSXNwU21TYW56K01DYmhOZjc1TApPT0RBTVdhVW1zdXd5RlRkK2xBa0N4dUFVaHByOE4rWEVGQWpPTUM3Tm1EZFNoZkxmVml4cmlvMVE4NEVsNHZSCldWL1FlY0FYRld1TWxrdlRRT1U3bTVVYnJpbzg4TXBpbWk1K29nUTZidk1XcDVwQm1NZkJvTUx3a25pUWkwUGYKTVdVZlZrV01hWEVpRVhmMndQNldvN0cxQjRnMWx6UnN1Tm5aZUkvQ1pwNDFPaEE0MHFpTzY5YTRMVU5nT1FGcQo0VC9lMEFMTWRZczNWQUNDUk9iWGZUd0lQYk9lbmJhUUJvWjB2ZU5hUzVNMHRvQjFXanVHOEZYTE1jYWcxbVh0CkFwa2g2aUJTa0ZSRkF4R0lSdGRQUlFwb0ZKcCtLTXhxa2lBRndzYUorcTJ2Um1Kd3IrbzgxbWNGbHVQS3lvREUKelo4VUZTWUsrd2t3TktQYkFnTUJBQUVDZ2dHQURrSENDR0x1UEdEVG5xd2dGYTkvSVRSaWJucWZDeEp2UGpCRAo0Q1VJem81SmVCV3R1L1FwZGxybVFOOEh1blNuSWVueDJnU29uUXFRU2FXWHV5bEhRR3lYbWgxcEVoSFVPUlI2CmZnTXdlWDVXZHA5WG1KK3ZVTVN5dXlTMWFXUGZkT3Q5QWw4RXEvMHBBbnNKNytoZUJGN2VBS2oybk5nWUdDYWkKd0l4T3dFNzJnWTRpODJEYVNkMGViaXNtTFM1QnVNbVdWWmFEcm1yT3RDbUt5bkZlemhlNE5zT28zbGRiSDBQQgpCUEIyVW51U3VyZENicCtCOFJIZHg5UHMwMVJrdVJkRFgxYVhVRjZ1YW5oU0Q2Y1YrSy9HM3BlSnkrME9ieFRDClRpd0M1a25TR1hBcFVFVlU1TXUrMVpaQnJjUnZ2WjNscjZBZlN3L3J4WlJMeTJDK25YSW9WUVY0TUp1RGUvSDAKRTJQS3lkZGczZWVBKzd6MlBkN2p4V0U3bGlVTTN1L3lMOVlSSllyOGJhbzd2L0poT0t3eWtpcXpQc0lQN2puVwp1clhlY1dsVjJkVlVGWUU3OHpzUk1SdWFUekUwUEo3UjZFV2FuNnhsOVh6akVwd3h4R0hubUhnS1NSODY1andIClpRUXJJZ3E0TFRSN0JTamZ6dkM4Y05PczhyZnhBb0hCQU1vTiszSTNYdU1PTXNQbGhnNE9td1pnbW5ZZENEaU0KR1dncWdoTUhablJ5dXpDOXo0VWw0aFVJVDhPRytudHBrOVgrM3VKbExrQjdrWGZMS2ZnRGZJUmVGL0RsTW5MQQpnZWRjc29jNFlhYzZRdUE3UnZsTExzeXkyeGdFWkYrWmR4SExwckJQSTNhUk5SQlR3ZmxKdk9CSndRVGw1Z0l5ClhlSEJzS2RPNG1MR2J0ZnFTV0ZYUXI1UjJuZ2ZsWC9BZ1dzaEM4Q2xQSC9scGNSRzBzT2d2NXlXWm15elpJVkUKOE51NnFMSjhmNDJpUjNoeDR6cXNGUWJHd3JVQW5LMWxDd0tCd1FESTZpcEcyZ0EzdSszVS9pUitlL1JSdTJTUwpQZlo1U2hMVEs4SWdhSEV0bWpSYzk1Zk1ZMDE3UWdwN1RBSjlQTyt0c2tzWE14cXZGVFVqbkJIck9UbVp4RkVlClh0TkpXditUSGZHejBTSk5UWG15UGs4dHNCbjFvUTcycEVDNklPSWJaNU5WS0puRTBCalMzR2t2QldTV0tGbUEKRTlCVlVIa2Uya3NuWnhSSnNjeWhtS3VlV1kvRFFiK3RIWXBENC9teVlKNHB3T09ncThvUWFjZC81ODU3T0tzdQozQm9hV1JyUE50UXhtRnRlcU0wVjQ0dUdBOVYwTys4UU9nNVRYbkVDZ2NBbkVZME5DS2ZRUDI2UmNrLzVaOW1SCjRodjd1cUZjVGJxYjZadzlFYkU5MHZGZSsxU2s2aTVNNHM2SmdBL3V6UHRJNVg4elIxMHFHcnFGNzBLdU1mNWgKbWRBSFJFbjg1anc0QURTRThPSHc4OUw2aUh1d3VGalVPOEVoWTdnRXhDZkJ5Ujd4K0Z0akViQ3c5NEVLTXJmUwpwbkFzQWtmM0pNWUNZUEZIYUhsZG9BRE92djV4VSs0VDNyL2ZlanZ0OThzT2E5Vlo2cGxJSVo5cjFFWHNqYWgvCkhwV3Zid0NBeEZQT0tNbDF1Wnp3UmZDTDJYbVdYcSt5SDd5R1F4Z0lid0VDZ2NCc2I0MnZ2YnIrV2F4c0YxcEUKOWN1UVRTNWppNU82TkpOaWE2eVRaeXNtYktLMFJtRWtTN2dtdlNjQkVxNEpQOWt3Q3hsaUJRL3l6T1JvT3JTbApHcmFPMmhqWjVsM3Nxbk5qeUhhS0VXYU5DREtWVS9IUis4aVcvSDBoK3RhQVhuMEtRMldPUWFKMFNjZ01EaStxCjFDTk1zNnhTWnQ4N0hIcXlmeWl1dElDTG9hMkt6ZVphU1laQTRQeDloNEwzVDFTVnhIVzRuVVY5a3hvMHI1S2YKNHRGYlNlT0NJQUxxazRyWHFZVHUyNGI4Mk9nUFYwY1habnhQQm9YcFlSd1lQTkVDZ2NBMmpNUkFnNWNRdkFNWgpCK0Y4QSsyYzNVNC9zNU9CR1dpT1dGbGF6Z1VRaGJ6MHVLb0dpUnBBSU44T0V1eVpMUExpZ2owQTJnekhZNUlRCmxrMHg4MGs2Qm93eWFFNDNIQm5odE50S20wU2E4dFZxRTdMZHc4UGdMNlNnRm5LSEkrNFlvaHFTTjhiaTFuS0MKNDVLL1Rla0x6cm16UkU4b0l6VFRuUmFLb1Z4cHo2Y2IrczZROHlJWGJYOVlnR1VPcU9vaXlGSk51TDdsclNpTQpxMTFSS0xEWk9jYkF2bDZ3SHBSWlJQYnJWb2d4VlRGd3N0ZnY5VU9ORVZDcUN4dDV0VFk9Ci0tLS0tRU5EIFJTQSBQUklWQVRFIEtFWS0tLS0tCg==\n",
            "kube_config_id": "7c898495-178d-421f-8cb1-6d0991254d2e",
            "project_id": "0436357b-2727-4182-a344-a750ec30744d",
            "refresh": null,
            "refresh_before": null,
            "region": "eu01"
          },
          "sensitive_attributes": [
            [
              {
                "type": "get_attr",
                "value": "kube_config"
              }
            ]
          ],
          "identity_schema_version": 0,
          "dependencies": [
            "stackit_ske_cluster.main"
          ]
        }
      ]
    }
  ],
  "check_results": null
}
